PODS:
  - ActiveLabel (0.7.0)
  - Alamofire (4.2.0)
  - Crashlytics (3.8.3):
    - Fabric (~> 1.6.3)
  - Fabric (1.6.11)
  - Keys (1.0.0)
  - PullToRefresher (2.0.2)
  - SwiftyUserDefaults (3.0.0)
  - TwitterCore (2.6.1):
    - Fabric
  - TwitterKit (2.6.1):
    - TwitterCore (= 2.6.1)
  - Unbox (2.2.0)
  - ValueStepper (1.0)

DEPENDENCIES:
  - ActiveLabel
  - Alamofire
  - Crashlytics
  - Fabric
  - Keys (from `Pods/CocoaPodsKeys`)
  - PullToRefresher
  - SwiftyUserDefaults
  - TwitterCore
  - TwitterKit
  - Unbox
  - ValueStepper

EXTERNAL SOURCES:
  Keys:
    :path: Pods/CocoaPodsKeys

SPEC CHECKSUMS:
  ActiveLabel: eb405c5b99275be52fac161f7a55cab1dd672c54
  Alamofire: aa2e09d871c9160ac53c90e83c68064a94e3dfbe
  Crashlytics: 2b6dbe138a42395577cfa73dfa1aa7248cadf39e
  Fabric: 5911403591946b8228ab1c51d98f1d7137e863c6
  Keys: 9c35bf00f612ee1d48556f4a4b9b4551e224e90f
  PullToRefresher: 5e101a8c3523e67ee0291375ba932ef59e0853c2
  SwiftyUserDefaults: 0f1d45fc3aafb9064dac661e367f8f83fe21a4b4
  TwitterCore: a8aea8bdaf2abd6572c8f264707a4ea4dc2d0eab
  TwitterKit: d38c08d31dfd4ba604f95deca6cf8e174b5cbd96
  Unbox: 03d7128ce429987986bc08d967e9d5e0da158946
  ValueStepper: a1a275491e3a1ab6fe80a589ce04781d4a795fb3

PODFILE CHECKSUM: 9b2422f404ff9298893ddd6c9bac0c5dfa5477a0

COCOAPODS: 1.1.1
