PODS:
  - ActiveLabel (0.5.0)
  - Alamofire (3.2.1)
  - Crashlytics (3.7.0):
    - Fabric (~> 1.6.3)
  - Fabric (1.6.7)
  - Keys (1.0.0)
  - NSObject+Rx (1.2.1):
    - RxSwift (~> 2.1)
  - ObjectMapper (1.1.5)
  - RxAlamofire (2.2):
    - RxAlamofire/Core (= 2.2)
  - RxAlamofire/Core (2.2):
    - Alamofire (~> 3.1)
    - RxSwift (~> 2.1)
  - RxCocoa (2.3.1):
    - RxSwift (~> 2.3.1)
  - RxDataSources (0.6.2):
    - RxCocoa (~> 2.2)
    - RxSwift (~> 2.2)
  - RxSwift (2.3.1)
  - Stash (0.5.0)
  - SwiftyUserDefaults (2.1.3)
  - TwitterCore (1.15.3):
    - Fabric
  - TwitterKit (1.15.3):
    - TwitterCore (= 1.15.3)
  - Unbox (1.3.1)
  - ValueStepper (0.5)

DEPENDENCIES:
  - ActiveLabel
  - Alamofire
  - Crashlytics
  - Fabric
  - Keys (from `Pods/CocoaPodsKeys`)
  - NSObject+Rx
  - ObjectMapper
  - RxAlamofire
  - RxCocoa
  - RxDataSources
  - RxSwift
  - Stash
  - SwiftyUserDefaults
  - TwitterCore
  - TwitterKit
  - Unbox
  - ValueStepper

EXTERNAL SOURCES:
  Keys:
    :path: Pods/CocoaPodsKeys

SPEC CHECKSUMS:
  ActiveLabel: c7b011767b5660faacf8a3629174a9a775886b8d
  Alamofire: f11d8624a05f5d39e0c99309b3e600a3ba64298a
  Crashlytics: c3a2333dea9e2733d2777f730910321fc9e25c0d
  Fabric: caf7580c725e64db144f610ac65cd60956911dc7
  Keys: 7d2ff6ff42f6903358267ce56e9392f83c31acfe
  NSObject+Rx: 5d032a7f161602dec6b82dcf12731e91ce15b8da
  ObjectMapper: 528b1a6677a6acac7747edd508576983e76a9148
  RxAlamofire: 250b7846cedbd189d6190e4f83caa01ee1f1eceb
  RxCocoa: a2baaf3462b989559a51dce59d78fbebb8fe0afa
  RxDataSources: 9ae26211019e6afb7391125940d719b4326e94a4
  RxSwift: 829b2843e9eddc77a02cb3f5117f0d55f8f646f1
  Stash: 14be1c144a3c077d858e1180e22ab96eb79ab2ba
  SwiftyUserDefaults: bd394a09247e3f00e17e402aa535c047c5d12b07
  TwitterCore: cce24b3c798993ccde72787ea79ea9a478b284e4
  TwitterKit: 43600f2d2848c227739efea5b2939585e69339c3
  Unbox: b6e468b47b5d941b197c1ea53e9c179528b454ed
  ValueStepper: bab3fa0ccdf8b6e54dc46652ac38509306b23a90

COCOAPODS: 0.39.0
