// !$*UTF8*$!
{
	archiveVersion = 1;
	classes = {
	};
	objectVersion = 46;
	objects = {

/* Begin PBXBuildFile section */
		578AA9036661573D3B157C46 /* Pods_TweetometerTests.framework in Frameworks */ = {isa = PBXBuildFile; fileRef = 251B8F0FCD1ABEE325A5950F /* Pods_TweetometerTests.framework */; };
		AE028F14211ADA8000741650 /* SettingsManager.swift in Sources */ = {isa = PBXBuildFile; fileRef = AE028F13211ADA8000741650 /* SettingsManager.swift */; };
		AE04479A1DF3040700FEE093 /* NSAttributedString+User.swift in Sources */ = {isa = PBXBuildFile; fileRef = AE0447991DF3040700FEE093 /* NSAttributedString+User.swift */; };
		AE055BA21DF03CE600442A2E /* LoginCoordinator.swift in Sources */ = {isa = PBXBuildFile; fileRef = AE055BA11DF03CE600442A2E /* LoginCoordinator.swift */; };
		AE067FFC1C650C09008C325B /* TimelineParserTests.swift in Sources */ = {isa = PBXBuildFile; fileRef = AEF1F2121C64F10000591E46 /* TimelineParserTests.swift */; };
		AE07A0D61C5D4AD400514B1C /* UserTableViewCell.swift in Sources */ = {isa = PBXBuildFile; fileRef = AE07A0D51C5D4AD400514B1C /* UserTableViewCell.swift */; };
		AE0A0DB11E113CAE0088AF06 /* LinkOpenerTweetTests.swift in Sources */ = {isa = PBXBuildFile; fileRef = AE0A0DB01E113CAE0088AF06 /* LinkOpenerTweetTests.swift */; };
		AE0A0DB31E11500B0088AF06 /* LinkOpenerHashtagTests.swift in Sources */ = {isa = PBXBuildFile; fileRef = AE0A0DB21E11500B0088AF06 /* LinkOpenerHashtagTests.swift */; };
		AE0ADCA91E1A9E5B000021B3 /* Settings.storyboard in Resources */ = {isa = PBXBuildFile; fileRef = AE0ADCA71E1A9E5B000021B3 /* Settings.storyboard */; };
		AE0ADCAC1E1A9E78000021B3 /* Login.storyboard in Resources */ = {isa = PBXBuildFile; fileRef = AE0ADCAA1E1A9E78000021B3 /* Login.storyboard */; };
		AE0FA7C71C0DEBDE00EDB0A1 /* ProfilePictureButtonItem.swift in Sources */ = {isa = PBXBuildFile; fileRef = AE0FA7C61C0DEBDE00EDB0A1 /* ProfilePictureButtonItem.swift */; };
		AE15F36C1C62A1BD00EE2F82 /* MenuPopOverViewController.swift in Sources */ = {isa = PBXBuildFile; fileRef = AE15F36B1C62A1BD00EE2F82 /* MenuPopOverViewController.swift */; };
		AE1BD43E2124B1A300760793 /* UserTopBarViewController.swift in Sources */ = {isa = PBXBuildFile; fileRef = AE1BD43D2124B1A300760793 /* UserTopBarViewController.swift */; };
		AE1BD45C2124D27400760793 /* Localizable.strings in Resources */ = {isa = PBXBuildFile; fileRef = AE1BD45E2124D27400760793 /* Localizable.strings */; };
		AE1BD46421255EB800760793 /* LocalizedStrings.swift in Sources */ = {isa = PBXBuildFile; fileRef = AE1BD46221255EB800760793 /* LocalizedStrings.swift */; };
		AE1BD46521255EB800760793 /* Images.swift in Sources */ = {isa = PBXBuildFile; fileRef = AE1BD46321255EB800760793 /* Images.swift */; };
		AE1BD466212566B400760793 /* UserTopBar.storyboard in Resources */ = {isa = PBXBuildFile; fileRef = AE1BD468212566B400760793 /* UserTopBar.storyboard */; };
		AE1BD46E2125678A00760793 /* Storyboards.swift in Sources */ = {isa = PBXBuildFile; fileRef = AE1BD46D2125678A00760793 /* Storyboards.swift */; };
		AE1FCA151E1EFCC3001B4229 /* Analytics.swift in Sources */ = {isa = PBXBuildFile; fileRef = AE1FCA141E1EFCC3001B4229 /* Analytics.swift */; };
		AE1FCA171E1EFCFA001B4229 /* Customizations.swift in Sources */ = {isa = PBXBuildFile; fileRef = AE1FCA161E1EFCFA001B4229 /* Customizations.swift */; };
		AE1FCA191E1F0526001B4229 /* Tweet.swift in Sources */ = {isa = PBXBuildFile; fileRef = AE1FCA181E1F0526001B4229 /* Tweet.swift */; };
		AE1FCA1B1E1F0544001B4229 /* MenuOptionsDataSource.swift in Sources */ = {isa = PBXBuildFile; fileRef = AE1FCA1A1E1F0544001B4229 /* MenuOptionsDataSource.swift */; };
		AE1FCA1D1E1F0548001B4229 /* User.swift in Sources */ = {isa = PBXBuildFile; fileRef = AE1FCA1C1E1F0548001B4229 /* User.swift */; };
		AE1FCA211E1F0571001B4229 /* TwitterSession.swift in Sources */ = {isa = PBXBuildFile; fileRef = AE1FCA201E1F0571001B4229 /* TwitterSession.swift */; };
		AE277DEE1BD4E6DB004E151C /* AppDelegate.swift in Sources */ = {isa = PBXBuildFile; fileRef = AE277DED1BD4E6DB004E151C /* AppDelegate.swift */; };
		AE277DF01BD4E6DB004E151C /* HomeViewController.swift in Sources */ = {isa = PBXBuildFile; fileRef = AE277DEF1BD4E6DB004E151C /* HomeViewController.swift */; };
		AE277DF31BD4E6DB004E151C /* Main.storyboard in Resources */ = {isa = PBXBuildFile; fileRef = AE277DF11BD4E6DB004E151C /* Main.storyboard */; };
		AE277DF51BD4E6DB004E151C /* Assets.xcassets in Resources */ = {isa = PBXBuildFile; fileRef = AE277DF41BD4E6DB004E151C /* Assets.xcassets */; };
		AE277DF81BD4E6DB004E151C /* LaunchScreen.storyboard in Resources */ = {isa = PBXBuildFile; fileRef = AE277DF61BD4E6DB004E151C /* LaunchScreen.storyboard */; };
		AE277E031BD4E6DB004E151C /* TwitterRequestTests.swift in Sources */ = {isa = PBXBuildFile; fileRef = AE277E021BD4E6DB004E151C /* TwitterRequestTests.swift */; };
		AE292B3D1DFDF009002B91AD /* MenuCoordinator.swift in Sources */ = {isa = PBXBuildFile; fileRef = AE292B3C1DFDF009002B91AD /* MenuCoordinator.swift */; };
		AE292B3F1DFDF998002B91AD /* SettingsCoordinator.swift in Sources */ = {isa = PBXBuildFile; fileRef = AE292B3E1DFDF998002B91AD /* SettingsCoordinator.swift */; };
		AE2B2E9221281DEF0042EBBE /* Timeline.swift in Sources */ = {isa = PBXBuildFile; fileRef = AE2B2E9121281DEF0042EBBE /* Timeline.swift */; };
		AE2B2E94212878E50042EBBE /* JSONDecoder+Utils.swift in Sources */ = {isa = PBXBuildFile; fileRef = AE2B2E93212878E50042EBBE /* JSONDecoder+Utils.swift */; };
		AE2B2E96212878F60042EBBE /* DateFormatter+Utils.swift in Sources */ = {isa = PBXBuildFile; fileRef = AE2B2E95212878F60042EBBE /* DateFormatter+Utils.swift */; };
		AE2F0DC61C93751100F10122 /* AppCoordinator.swift in Sources */ = {isa = PBXBuildFile; fileRef = AE2F0DC51C93751100F10122 /* AppCoordinator.swift */; };
		AE35A2F41C52B4A4001E1D88 /* SettingsViewController.swift in Sources */ = {isa = PBXBuildFile; fileRef = AE35A2F31C52B4A4001E1D88 /* SettingsViewController.swift */; };
		AE35A2F61C52C146001E1D88 /* DismissFromSettingsSegue.swift in Sources */ = {isa = PBXBuildFile; fileRef = AE35A2F51C52C146001E1D88 /* DismissFromSettingsSegue.swift */; };
		AE3E81BE1BF8B40600A51804 /* LogInViewController.swift in Sources */ = {isa = PBXBuildFile; fileRef = AE3E81BD1BF8B40600A51804 /* LogInViewController.swift */; };
		AE45DC3F1E0FFDAC00CD2190 /* TweetometerKit.h in Headers */ = {isa = PBXBuildFile; fileRef = AE45DC3D1E0FFDAC00CD2190 /* TweetometerKit.h */; settings = {ATTRIBUTES = (Public, ); }; };
		AE45DC421E0FFDAC00CD2190 /* TweetometerKit.framework in Frameworks */ = {isa = PBXBuildFile; fileRef = AE45DC3B1E0FFDAC00CD2190 /* TweetometerKit.framework */; };
		AE45DC431E0FFDAC00CD2190 /* TweetometerKit.framework in Embed Frameworks */ = {isa = PBXBuildFile; fileRef = AE45DC3B1E0FFDAC00CD2190 /* TweetometerKit.framework */; settings = {ATTRIBUTES = (CodeSignOnCopy, RemoveHeadersOnCopy, ); }; };
		AE4ADBE82126DFE600842F2D /* TimelineDownloaderOperation.swift in Sources */ = {isa = PBXBuildFile; fileRef = AE4ADBE72126DFE600842F2D /* TimelineDownloaderOperation.swift */; };
		AE506B561E12D11700DE23B0 /* NetworkActivityIndicatorManager.swift in Sources */ = {isa = PBXBuildFile; fileRef = AE506B551E12D11700DE23B0 /* NetworkActivityIndicatorManager.swift */; };
		AE506B581E12D4B600DE23B0 /* Notification.swift in Sources */ = {isa = PBXBuildFile; fileRef = AE506B571E12D4B600DE23B0 /* Notification.swift */; };
		AE5F0AE41C65056D00B0C157 /* timeline_tweets.json in Resources */ = {isa = PBXBuildFile; fileRef = AE5F0AE31C65056D00B0C157 /* timeline_tweets.json */; };
		AE6352131C66178400799157 /* MenuOptionTableViewCell.swift in Sources */ = {isa = PBXBuildFile; fileRef = AE6352121C66178400799157 /* MenuOptionTableViewCell.swift */; };
		AE6352151C66226800799157 /* UserDetailViewController.swift in Sources */ = {isa = PBXBuildFile; fileRef = AE6352141C66226800799157 /* UserDetailViewController.swift */; };
		AE6675901C3C13D500DD47AB /* users_show.json in Resources */ = {isa = PBXBuildFile; fileRef = AE66758F1C3C13D500DD47AB /* users_show.json */; };
		AE81D52721273D7000207F0C /* Logger.swift in Sources */ = {isa = PBXBuildFile; fileRef = AE81D52621273D7000207F0C /* Logger.swift */; };
		AE81D5292127409E00207F0C /* PerformanceLogger.swift in Sources */ = {isa = PBXBuildFile; fileRef = AE81D5282127409E00207F0C /* PerformanceLogger.swift */; };
		AE94D0D521220E4000DFC3E5 /* AppServices.swift in Sources */ = {isa = PBXBuildFile; fileRef = AE94D0D421220E4000DFC3E5 /* AppServices.swift */; };
		AE9670071C945ADF00189697 /* HomeCoordinator.swift in Sources */ = {isa = PBXBuildFile; fileRef = AE9670061C945ADF00189697 /* HomeCoordinator.swift */; };
		AE96700A1C94604700189697 /* UserDetailCoordinator.swift in Sources */ = {isa = PBXBuildFile; fileRef = AE9670091C94604700189697 /* UserDetailCoordinator.swift */; };
		AEA2F4971C2806C700777304 /* Utils.swift in Sources */ = {isa = PBXBuildFile; fileRef = AEA2F4961C2806C700777304 /* Utils.swift */; };
		AEA55DC521219D3D00C1BC05 /* Whisper.framework in Frameworks */ = {isa = PBXBuildFile; fileRef = AE56929921207F76001363F1 /* Whisper.framework */; };
		AEA55DC621219D3F00C1BC05 /* ValueStepper.framework in Frameworks */ = {isa = PBXBuildFile; fileRef = AE56929221207ED1001363F1 /* ValueStepper.framework */; };
		AEA55DC821219D4700C1BC05 /* Presentr.framework in Frameworks */ = {isa = PBXBuildFile; fileRef = AE56928C21207EC8001363F1 /* Presentr.framework */; };
		AEAFB1061C7A0E270030AB33 /* TweetTableViewCell.swift in Sources */ = {isa = PBXBuildFile; fileRef = AEAFB1051C7A0E270030AB33 /* TweetTableViewCell.swift */; };
		AEB19FAF2126CB4F006BE170 /* Operation+Utils.swift in Sources */ = {isa = PBXBuildFile; fileRef = AEB19FAE2126CB4F006BE170 /* Operation+Utils.swift */; };
		AEB280951C79FC0C009C64EE /* UIViewController+Utils.swift in Sources */ = {isa = PBXBuildFile; fileRef = AEB280941C79FC0C009C64EE /* UIViewController+Utils.swift */; };
		AEC95CF21C81AED900811BAC /* LinkOpener.swift in Sources */ = {isa = PBXBuildFile; fileRef = AEC95CF11C81AED900811BAC /* LinkOpener.swift */; };
		AED0A1F61C5E01BA002D40A4 /* ApplicationStyle.swift in Sources */ = {isa = PBXBuildFile; fileRef = AED0A1F51C5E01BA002D40A4 /* ApplicationStyle.swift */; };
		AED5D5702123445400F5029F /* Kingfisher.framework in Frameworks */ = {isa = PBXBuildFile; fileRef = AED5D56F2123445300F5029F /* Kingfisher.framework */; };
		AEDC61E91CD4D665005324C6 /* LinkOpenerUserTests.swift in Sources */ = {isa = PBXBuildFile; fileRef = AEDC61E81CD4D665005324C6 /* LinkOpenerUserTests.swift */; };
		AEE22BAB1CD72DF1003CA241 /* ProfilePictureImageView.swift in Sources */ = {isa = PBXBuildFile; fileRef = AEE22BAA1CD72DF1003CA241 /* ProfilePictureImageView.swift */; };
		AEE4D8081BF9BFD100C9CA08 /* Constants.swift in Sources */ = {isa = PBXBuildFile; fileRef = AEE4D8071BF9BFD100C9CA08 /* Constants.swift */; };
		AEE75E3B1E13D93E00377A46 /* UITableView+Screenshot.swift in Sources */ = {isa = PBXBuildFile; fileRef = AEE75E3A1E13D93E00377A46 /* UITableView+Screenshot.swift */; };
		AEF1F20F1C64EE9B00591E46 /* MenuOptionsTests.swift in Sources */ = {isa = PBXBuildFile; fileRef = AEF1F20E1C64EE9B00591E46 /* MenuOptionsTests.swift */; };
		AEF598E71CD679B40055E88C /* UserDetailsTableViewCell.swift in Sources */ = {isa = PBXBuildFile; fileRef = AEF598E61CD679B40055E88C /* UserDetailsTableViewCell.swift */; };
		AEFBEBD51E1D3070009BCD34 /* ActiveLabel+Utils.swift in Sources */ = {isa = PBXBuildFile; fileRef = AEFBEBD41E1D3070009BCD34 /* ActiveLabel+Utils.swift */; };
		AEFBF1B12121ACFF00415886 /* DependencyInitializer.swift in Sources */ = {isa = PBXBuildFile; fileRef = AEFBF1B02121ACFF00415886 /* DependencyInitializer.swift */; };
		AEFBF1B32121AD2000415886 /* TwitterKitInitializer.swift in Sources */ = {isa = PBXBuildFile; fileRef = AEFBF1B22121AD2000415886 /* TwitterKitInitializer.swift */; };
		AEFBF1B52121AF6800415886 /* Secrets.swift in Sources */ = {isa = PBXBuildFile; fileRef = AEFBF1B42121AF6800415886 /* Secrets.swift */; };
		D4C46BBBC9CDE286F18F55C4 /* Pods_TweetometerKit.framework in Frameworks */ = {isa = PBXBuildFile; fileRef = DC19894D7F38FA0890931A6F /* Pods_TweetometerKit.framework */; };
		EFDF1478095D5DD5833C589D /* Pods_Tweetometer.framework in Frameworks */ = {isa = PBXBuildFile; fileRef = 45964C4C724A8605A812779E /* Pods_Tweetometer.framework */; };
/* End PBXBuildFile section */

/* Begin PBXContainerItemProxy section */
		AE277DFF1BD4E6DB004E151C /* PBXContainerItemProxy */ = {
			isa = PBXContainerItemProxy;
			containerPortal = AE277DE21BD4E6DB004E151C /* Project object */;
			proxyType = 1;
			remoteGlobalIDString = AE277DE91BD4E6DB004E151C;
			remoteInfo = TweetsCounter;
		};
		AE45DC401E0FFDAC00CD2190 /* PBXContainerItemProxy */ = {
			isa = PBXContainerItemProxy;
			containerPortal = AE277DE21BD4E6DB004E151C /* Project object */;
			proxyType = 1;
			remoteGlobalIDString = AE45DC3A1E0FFDAC00CD2190;
			remoteInfo = TweetometerKit;
		};
/* End PBXContainerItemProxy section */

/* Begin PBXCopyFilesBuildPhase section */
		AE45DC471E0FFDAC00CD2190 /* Embed Frameworks */ = {
			isa = PBXCopyFilesBuildPhase;
			buildActionMask = 2147483647;
			dstPath = "";
			dstSubfolderSpec = 10;
			files = (
				AE45DC431E0FFDAC00CD2190 /* TweetometerKit.framework in Embed Frameworks */,
			);
			name = "Embed Frameworks";
			runOnlyForDeploymentPostprocessing = 0;
		};
/* End PBXCopyFilesBuildPhase section */

/* Begin PBXFileReference section */
		13522A5358387809B6C17E1E /* Pods-TweetometerTests.release.xcconfig */ = {isa = PBXFileReference; includeInIndex = 1; lastKnownFileType = text.xcconfig; name = "Pods-TweetometerTests.release.xcconfig"; path = "Pods/Target Support Files/Pods-TweetometerTests/Pods-TweetometerTests.release.xcconfig"; sourceTree = "<group>"; };
		251B8F0FCD1ABEE325A5950F /* Pods_TweetometerTests.framework */ = {isa = PBXFileReference; explicitFileType = wrapper.framework; includeInIndex = 0; path = Pods_TweetometerTests.framework; sourceTree = BUILT_PRODUCTS_DIR; };
		45964C4C724A8605A812779E /* Pods_Tweetometer.framework */ = {isa = PBXFileReference; explicitFileType = wrapper.framework; includeInIndex = 0; path = Pods_Tweetometer.framework; sourceTree = BUILT_PRODUCTS_DIR; };
		689D3D351D2FEB9576BEF171 /* Pods-TweetometerKit.debug.xcconfig */ = {isa = PBXFileReference; includeInIndex = 1; lastKnownFileType = text.xcconfig; name = "Pods-TweetometerKit.debug.xcconfig"; path = "Pods/Target Support Files/Pods-TweetometerKit/Pods-TweetometerKit.debug.xcconfig"; sourceTree = "<group>"; };
		75F038E2C13CA91C53D92F12 /* Pods-TweetometerTests.debug.xcconfig */ = {isa = PBXFileReference; includeInIndex = 1; lastKnownFileType = text.xcconfig; name = "Pods-TweetometerTests.debug.xcconfig"; path = "Pods/Target Support Files/Pods-TweetometerTests/Pods-TweetometerTests.debug.xcconfig"; sourceTree = "<group>"; };
		AE028F13211ADA8000741650 /* SettingsManager.swift */ = {isa = PBXFileReference; fileEncoding = 4; lastKnownFileType = sourcecode.swift; path = SettingsManager.swift; sourceTree = "<group>"; };
		AE0447991DF3040700FEE093 /* NSAttributedString+User.swift */ = {isa = PBXFileReference; fileEncoding = 4; lastKnownFileType = sourcecode.swift; path = "NSAttributedString+User.swift"; sourceTree = "<group>"; };
		AE055BA11DF03CE600442A2E /* LoginCoordinator.swift */ = {isa = PBXFileReference; fileEncoding = 4; lastKnownFileType = sourcecode.swift; path = LoginCoordinator.swift; sourceTree = "<group>"; };
		AE07A0D51C5D4AD400514B1C /* UserTableViewCell.swift */ = {isa = PBXFileReference; fileEncoding = 4; lastKnownFileType = sourcecode.swift; path = UserTableViewCell.swift; sourceTree = "<group>"; };
		AE0A0DB01E113CAE0088AF06 /* LinkOpenerTweetTests.swift */ = {isa = PBXFileReference; fileEncoding = 4; lastKnownFileType = sourcecode.swift; path = LinkOpenerTweetTests.swift; sourceTree = "<group>"; };
		AE0A0DB21E11500B0088AF06 /* LinkOpenerHashtagTests.swift */ = {isa = PBXFileReference; fileEncoding = 4; lastKnownFileType = sourcecode.swift; path = LinkOpenerHashtagTests.swift; sourceTree = "<group>"; };
		AE0ADCA81E1A9E5B000021B3 /* Base */ = {isa = PBXFileReference; lastKnownFileType = file.storyboard; name = Base; path = Base.lproj/Settings.storyboard; sourceTree = "<group>"; };
		AE0ADCAB1E1A9E78000021B3 /* Base */ = {isa = PBXFileReference; lastKnownFileType = file.storyboard; name = Base; path = Base.lproj/Login.storyboard; sourceTree = "<group>"; };
		AE0FA7C61C0DEBDE00EDB0A1 /* ProfilePictureButtonItem.swift */ = {isa = PBXFileReference; fileEncoding = 4; lastKnownFileType = sourcecode.swift; path = ProfilePictureButtonItem.swift; sourceTree = "<group>"; };
		AE15F36B1C62A1BD00EE2F82 /* MenuPopOverViewController.swift */ = {isa = PBXFileReference; fileEncoding = 4; lastKnownFileType = sourcecode.swift; path = MenuPopOverViewController.swift; sourceTree = "<group>"; };
		AE1BD43D2124B1A300760793 /* UserTopBarViewController.swift */ = {isa = PBXFileReference; lastKnownFileType = sourcecode.swift; path = UserTopBarViewController.swift; sourceTree = "<group>"; };
		AE1BD4532124CFFC00760793 /* Base */ = {isa = PBXFileReference; lastKnownFileType = file.storyboard; name = Base; path = Base.lproj/Main.storyboard; sourceTree = "<group>"; };
		AE1BD4552124D05000760793 /* en */ = {isa = PBXFileReference; lastKnownFileType = text.plist.strings; name = en; path = en.lproj/Main.strings; sourceTree = "<group>"; };
		AE1BD4572124D0D400760793 /* it */ = {isa = PBXFileReference; lastKnownFileType = text.plist.strings; name = it; path = it.lproj/Main.strings; sourceTree = "<group>"; };
		AE1BD4582124D0D400760793 /* it */ = {isa = PBXFileReference; lastKnownFileType = text.plist.strings; name = it; path = it.lproj/Login.strings; sourceTree = "<group>"; };
		AE1BD4592124D0D500760793 /* it */ = {isa = PBXFileReference; lastKnownFileType = text.plist.strings; name = it; path = it.lproj/Settings.strings; sourceTree = "<group>"; };
		AE1BD45A2124D0D600760793 /* it */ = {isa = PBXFileReference; lastKnownFileType = text.plist.strings; name = it; path = it.lproj/LaunchScreen.strings; sourceTree = "<group>"; };
		AE1BD45D2124D27400760793 /* en */ = {isa = PBXFileReference; lastKnownFileType = text.plist.strings; name = en; path = en.lproj/Localizable.strings; sourceTree = "<group>"; };
		AE1BD46221255EB800760793 /* LocalizedStrings.swift */ = {isa = PBXFileReference; fileEncoding = 4; lastKnownFileType = sourcecode.swift; path = LocalizedStrings.swift; sourceTree = "<group>"; };
		AE1BD46321255EB800760793 /* Images.swift */ = {isa = PBXFileReference; fileEncoding = 4; lastKnownFileType = sourcecode.swift; path = Images.swift; sourceTree = "<group>"; };
		AE1BD467212566B400760793 /* Base */ = {isa = PBXFileReference; lastKnownFileType = file.storyboard; name = Base; path = Base.lproj/UserTopBar.storyboard; sourceTree = "<group>"; };
		AE1BD46A212566BB00760793 /* en */ = {isa = PBXFileReference; lastKnownFileType = text.plist.strings; name = en; path = en.lproj/UserTopBar.strings; sourceTree = "<group>"; };
		AE1BD46C212566C100760793 /* it */ = {isa = PBXFileReference; lastKnownFileType = text.plist.strings; name = it; path = it.lproj/UserTopBar.strings; sourceTree = "<group>"; };
		AE1BD46D2125678A00760793 /* Storyboards.swift */ = {isa = PBXFileReference; fileEncoding = 4; lastKnownFileType = sourcecode.swift; path = Storyboards.swift; sourceTree = "<group>"; };
		AE1FCA141E1EFCC3001B4229 /* Analytics.swift */ = {isa = PBXFileReference; fileEncoding = 4; lastKnownFileType = sourcecode.swift; path = Analytics.swift; sourceTree = "<group>"; };
		AE1FCA161E1EFCFA001B4229 /* Customizations.swift */ = {isa = PBXFileReference; fileEncoding = 4; lastKnownFileType = sourcecode.swift; path = Customizations.swift; sourceTree = "<group>"; };
		AE1FCA181E1F0526001B4229 /* Tweet.swift */ = {isa = PBXFileReference; fileEncoding = 4; lastKnownFileType = sourcecode.swift; path = Tweet.swift; sourceTree = "<group>"; };
		AE1FCA1A1E1F0544001B4229 /* MenuOptionsDataSource.swift */ = {isa = PBXFileReference; fileEncoding = 4; lastKnownFileType = sourcecode.swift; path = MenuOptionsDataSource.swift; sourceTree = "<group>"; };
		AE1FCA1C1E1F0548001B4229 /* User.swift */ = {isa = PBXFileReference; fileEncoding = 4; lastKnownFileType = sourcecode.swift; path = User.swift; sourceTree = "<group>"; };
		AE1FCA201E1F0571001B4229 /* TwitterSession.swift */ = {isa = PBXFileReference; fileEncoding = 4; lastKnownFileType = sourcecode.swift; path = TwitterSession.swift; sourceTree = "<group>"; };
		AE247A741DF1C61300C87A29 /* Images.swift */ = {isa = PBXFileReference; fileEncoding = 4; lastKnownFileType = sourcecode.swift; path = Images.swift; sourceTree = "<group>"; };
		AE277DEA1BD4E6DB004E151C /* Tweetometer.app */ = {isa = PBXFileReference; explicitFileType = wrapper.application; includeInIndex = 0; path = Tweetometer.app; sourceTree = BUILT_PRODUCTS_DIR; };
		AE277DED1BD4E6DB004E151C /* AppDelegate.swift */ = {isa = PBXFileReference; lastKnownFileType = sourcecode.swift; path = AppDelegate.swift; sourceTree = "<group>"; };
		AE277DEF1BD4E6DB004E151C /* HomeViewController.swift */ = {isa = PBXFileReference; lastKnownFileType = sourcecode.swift; path = HomeViewController.swift; sourceTree = "<group>"; };
		AE277DF41BD4E6DB004E151C /* Assets.xcassets */ = {isa = PBXFileReference; lastKnownFileType = folder.assetcatalog; path = Assets.xcassets; sourceTree = "<group>"; };
		AE277DF71BD4E6DB004E151C /* Base */ = {isa = PBXFileReference; lastKnownFileType = file.storyboard; name = Base; path = Base.lproj/LaunchScreen.storyboard; sourceTree = "<group>"; };
		AE277DF91BD4E6DB004E151C /* Info.plist */ = {isa = PBXFileReference; lastKnownFileType = text.plist.xml; path = Info.plist; sourceTree = "<group>"; };
		AE277DFE1BD4E6DB004E151C /* TweetometerTests.xctest */ = {isa = PBXFileReference; explicitFileType = wrapper.cfbundle; includeInIndex = 0; path = TweetometerTests.xctest; sourceTree = BUILT_PRODUCTS_DIR; };
		AE277E021BD4E6DB004E151C /* TwitterRequestTests.swift */ = {isa = PBXFileReference; lastKnownFileType = sourcecode.swift; path = TwitterRequestTests.swift; sourceTree = "<group>"; };
		AE277E041BD4E6DB004E151C /* Info.plist */ = {isa = PBXFileReference; lastKnownFileType = text.plist.xml; path = Info.plist; sourceTree = "<group>"; };
		AE292B3C1DFDF009002B91AD /* MenuCoordinator.swift */ = {isa = PBXFileReference; fileEncoding = 4; lastKnownFileType = sourcecode.swift; path = MenuCoordinator.swift; sourceTree = "<group>"; };
		AE292B3E1DFDF998002B91AD /* SettingsCoordinator.swift */ = {isa = PBXFileReference; fileEncoding = 4; lastKnownFileType = sourcecode.swift; path = SettingsCoordinator.swift; sourceTree = "<group>"; };
		AE2B2E9121281DEF0042EBBE /* Timeline.swift */ = {isa = PBXFileReference; lastKnownFileType = sourcecode.swift; path = Timeline.swift; sourceTree = "<group>"; };
		AE2B2E93212878E50042EBBE /* JSONDecoder+Utils.swift */ = {isa = PBXFileReference; lastKnownFileType = sourcecode.swift; path = "JSONDecoder+Utils.swift"; sourceTree = "<group>"; };
		AE2B2E95212878F60042EBBE /* DateFormatter+Utils.swift */ = {isa = PBXFileReference; lastKnownFileType = sourcecode.swift; path = "DateFormatter+Utils.swift"; sourceTree = "<group>"; };
		AE2F0DC51C93751100F10122 /* AppCoordinator.swift */ = {isa = PBXFileReference; fileEncoding = 4; lastKnownFileType = sourcecode.swift; path = AppCoordinator.swift; sourceTree = "<group>"; };
		AE35A2F31C52B4A4001E1D88 /* SettingsViewController.swift */ = {isa = PBXFileReference; fileEncoding = 4; lastKnownFileType = sourcecode.swift; path = SettingsViewController.swift; sourceTree = "<group>"; };
		AE35A2F51C52C146001E1D88 /* DismissFromSettingsSegue.swift */ = {isa = PBXFileReference; fileEncoding = 4; lastKnownFileType = sourcecode.swift; path = DismissFromSettingsSegue.swift; sourceTree = "<group>"; };
		AE3E81BD1BF8B40600A51804 /* LogInViewController.swift */ = {isa = PBXFileReference; fileEncoding = 4; lastKnownFileType = sourcecode.swift; path = LogInViewController.swift; sourceTree = "<group>"; };
		AE45DC3B1E0FFDAC00CD2190 /* TweetometerKit.framework */ = {isa = PBXFileReference; explicitFileType = wrapper.framework; includeInIndex = 0; path = TweetometerKit.framework; sourceTree = BUILT_PRODUCTS_DIR; };
		AE45DC3D1E0FFDAC00CD2190 /* TweetometerKit.h */ = {isa = PBXFileReference; lastKnownFileType = sourcecode.c.h; path = TweetometerKit.h; sourceTree = "<group>"; };
		AE45DC3E1E0FFDAC00CD2190 /* Info.plist */ = {isa = PBXFileReference; lastKnownFileType = text.plist.xml; path = Info.plist; sourceTree = "<group>"; };
		AE4ADBE72126DFE600842F2D /* TimelineDownloaderOperation.swift */ = {isa = PBXFileReference; lastKnownFileType = sourcecode.swift; path = TimelineDownloaderOperation.swift; sourceTree = "<group>"; };
		AE506B551E12D11700DE23B0 /* NetworkActivityIndicatorManager.swift */ = {isa = PBXFileReference; fileEncoding = 4; lastKnownFileType = sourcecode.swift; path = NetworkActivityIndicatorManager.swift; sourceTree = "<group>"; };
		AE506B571E12D4B600DE23B0 /* Notification.swift */ = {isa = PBXFileReference; fileEncoding = 4; lastKnownFileType = sourcecode.swift; path = Notification.swift; sourceTree = "<group>"; };
		AE56928C21207EC8001363F1 /* Presentr.framework */ = {isa = PBXFileReference; lastKnownFileType = wrapper.framework; name = Presentr.framework; path = Carthage/Build/iOS/Presentr.framework; sourceTree = "<group>"; };
		AE56929221207ED1001363F1 /* ValueStepper.framework */ = {isa = PBXFileReference; lastKnownFileType = wrapper.framework; name = ValueStepper.framework; path = Carthage/Build/iOS/ValueStepper.framework; sourceTree = "<group>"; };
		AE56929921207F76001363F1 /* Whisper.framework */ = {isa = PBXFileReference; lastKnownFileType = wrapper.framework; name = Whisper.framework; path = Carthage/Build/iOS/Whisper.framework; sourceTree = "<group>"; };
		AE5F0AE31C65056D00B0C157 /* timeline_tweets.json */ = {isa = PBXFileReference; fileEncoding = 4; lastKnownFileType = text.json; path = timeline_tweets.json; sourceTree = "<group>"; };
		AE6352121C66178400799157 /* MenuOptionTableViewCell.swift */ = {isa = PBXFileReference; fileEncoding = 4; lastKnownFileType = sourcecode.swift; path = MenuOptionTableViewCell.swift; sourceTree = "<group>"; };
		AE6352141C66226800799157 /* UserDetailViewController.swift */ = {isa = PBXFileReference; fileEncoding = 4; lastKnownFileType = sourcecode.swift; path = UserDetailViewController.swift; sourceTree = "<group>"; };
		AE66758F1C3C13D500DD47AB /* users_show.json */ = {isa = PBXFileReference; fileEncoding = 4; lastKnownFileType = text.json; path = users_show.json; sourceTree = "<group>"; };
		AE81D52621273D7000207F0C /* Logger.swift */ = {isa = PBXFileReference; lastKnownFileType = sourcecode.swift; path = Logger.swift; sourceTree = "<group>"; };
		AE81D5282127409E00207F0C /* PerformanceLogger.swift */ = {isa = PBXFileReference; lastKnownFileType = sourcecode.swift; path = PerformanceLogger.swift; sourceTree = "<group>"; };
		AE94D0D421220E4000DFC3E5 /* AppServices.swift */ = {isa = PBXFileReference; lastKnownFileType = sourcecode.swift; path = AppServices.swift; sourceTree = "<group>"; };
		AE9670061C945ADF00189697 /* HomeCoordinator.swift */ = {isa = PBXFileReference; fileEncoding = 4; lastKnownFileType = sourcecode.swift; path = HomeCoordinator.swift; sourceTree = "<group>"; };
		AE9670091C94604700189697 /* UserDetailCoordinator.swift */ = {isa = PBXFileReference; fileEncoding = 4; lastKnownFileType = sourcecode.swift; path = UserDetailCoordinator.swift; sourceTree = "<group>"; };
		AEA2F4961C2806C700777304 /* Utils.swift */ = {isa = PBXFileReference; fileEncoding = 4; lastKnownFileType = sourcecode.swift; path = Utils.swift; sourceTree = "<group>"; };
		AEAFB1051C7A0E270030AB33 /* TweetTableViewCell.swift */ = {isa = PBXFileReference; fileEncoding = 4; lastKnownFileType = sourcecode.swift; path = TweetTableViewCell.swift; sourceTree = "<group>"; };
		AEB059731DE47E34002BBE79 /* Tweetometer.entitlements */ = {isa = PBXFileReference; lastKnownFileType = text.plist.entitlements; path = Tweetometer.entitlements; sourceTree = "<group>"; };
		AEB19FAE2126CB4F006BE170 /* Operation+Utils.swift */ = {isa = PBXFileReference; lastKnownFileType = sourcecode.swift; path = "Operation+Utils.swift"; sourceTree = "<group>"; };
		AEB280941C79FC0C009C64EE /* UIViewController+Utils.swift */ = {isa = PBXFileReference; fileEncoding = 4; lastKnownFileType = sourcecode.swift; path = "UIViewController+Utils.swift"; sourceTree = "<group>"; };
		AEC95CF11C81AED900811BAC /* LinkOpener.swift */ = {isa = PBXFileReference; fileEncoding = 4; lastKnownFileType = sourcecode.swift; path = LinkOpener.swift; sourceTree = "<group>"; };
		AED0A1F51C5E01BA002D40A4 /* ApplicationStyle.swift */ = {isa = PBXFileReference; fileEncoding = 4; lastKnownFileType = sourcecode.swift; path = ApplicationStyle.swift; sourceTree = "<group>"; };
		AED5D56F2123445300F5029F /* Kingfisher.framework */ = {isa = PBXFileReference; lastKnownFileType = wrapper.framework; name = Kingfisher.framework; path = Carthage/Build/iOS/Kingfisher.framework; sourceTree = "<group>"; };
		AEDC61E81CD4D665005324C6 /* LinkOpenerUserTests.swift */ = {isa = PBXFileReference; fileEncoding = 4; lastKnownFileType = sourcecode.swift; path = LinkOpenerUserTests.swift; sourceTree = "<group>"; };
		AEE22BAA1CD72DF1003CA241 /* ProfilePictureImageView.swift */ = {isa = PBXFileReference; fileEncoding = 4; lastKnownFileType = sourcecode.swift; path = ProfilePictureImageView.swift; sourceTree = "<group>"; };
		AEE4D8071BF9BFD100C9CA08 /* Constants.swift */ = {isa = PBXFileReference; fileEncoding = 4; lastKnownFileType = sourcecode.swift; path = Constants.swift; sourceTree = "<group>"; };
		AEE75E3A1E13D93E00377A46 /* UITableView+Screenshot.swift */ = {isa = PBXFileReference; fileEncoding = 4; lastKnownFileType = sourcecode.swift; path = "UITableView+Screenshot.swift"; sourceTree = "<group>"; };
		AEE8C9AC1C0DB2D40047A6A6 /* Storyboard.swift */ = {isa = PBXFileReference; fileEncoding = 4; lastKnownFileType = sourcecode.swift; path = Storyboard.swift; sourceTree = "<group>"; };
		AEF1F20E1C64EE9B00591E46 /* MenuOptionsTests.swift */ = {isa = PBXFileReference; fileEncoding = 4; lastKnownFileType = sourcecode.swift; path = MenuOptionsTests.swift; sourceTree = "<group>"; };
		AEF1F2121C64F10000591E46 /* TimelineParserTests.swift */ = {isa = PBXFileReference; fileEncoding = 4; lastKnownFileType = sourcecode.swift; path = TimelineParserTests.swift; sourceTree = "<group>"; };
		AEF598E61CD679B40055E88C /* UserDetailsTableViewCell.swift */ = {isa = PBXFileReference; fileEncoding = 4; lastKnownFileType = sourcecode.swift; path = UserDetailsTableViewCell.swift; sourceTree = "<group>"; };
		AEFBEBD41E1D3070009BCD34 /* ActiveLabel+Utils.swift */ = {isa = PBXFileReference; fileEncoding = 4; lastKnownFileType = sourcecode.swift; path = "ActiveLabel+Utils.swift"; sourceTree = "<group>"; };
		AEFBF1B02121ACFF00415886 /* DependencyInitializer.swift */ = {isa = PBXFileReference; lastKnownFileType = sourcecode.swift; path = DependencyInitializer.swift; sourceTree = "<group>"; };
		AEFBF1B22121AD2000415886 /* TwitterKitInitializer.swift */ = {isa = PBXFileReference; lastKnownFileType = sourcecode.swift; path = TwitterKitInitializer.swift; sourceTree = "<group>"; };
		AEFBF1B42121AF6800415886 /* Secrets.swift */ = {isa = PBXFileReference; lastKnownFileType = sourcecode.swift; path = Secrets.swift; sourceTree = "<group>"; };
		AEFBF1B62121B76C00415886 /* Tweetometer.debug.xcconfig */ = {isa = PBXFileReference; lastKnownFileType = text.xcconfig; path = Tweetometer.debug.xcconfig; sourceTree = "<group>"; };
		AEFBF1B72121BA1300415886 /* TwitterKeys.xcconfig */ = {isa = PBXFileReference; lastKnownFileType = text.xcconfig; path = TwitterKeys.xcconfig; sourceTree = "<group>"; };
		AEFBF1B82121BA9C00415886 /* Tweetometer.release.xcconfig */ = {isa = PBXFileReference; lastKnownFileType = text.xcconfig; path = Tweetometer.release.xcconfig; sourceTree = "<group>"; };
		DC19894D7F38FA0890931A6F /* Pods_TweetometerKit.framework */ = {isa = PBXFileReference; explicitFileType = wrapper.framework; includeInIndex = 0; path = Pods_TweetometerKit.framework; sourceTree = BUILT_PRODUCTS_DIR; };
		F90D447DEC4AAF22A8A461AA /* Pods-TweetometerKit.release.xcconfig */ = {isa = PBXFileReference; includeInIndex = 1; lastKnownFileType = text.xcconfig; name = "Pods-TweetometerKit.release.xcconfig"; path = "Pods/Target Support Files/Pods-TweetometerKit/Pods-TweetometerKit.release.xcconfig"; sourceTree = "<group>"; };
/* End PBXFileReference section */

/* Begin PBXFrameworksBuildPhase section */
		AE277DE71BD4E6DB004E151C /* Frameworks */ = {
			isa = PBXFrameworksBuildPhase;
			buildActionMask = 2147483647;
			files = (
				AED5D5702123445400F5029F /* Kingfisher.framework in Frameworks */,
				AEA55DC821219D4700C1BC05 /* Presentr.framework in Frameworks */,
				AE45DC421E0FFDAC00CD2190 /* TweetometerKit.framework in Frameworks */,
				AEA55DC621219D3F00C1BC05 /* ValueStepper.framework in Frameworks */,
				AEA55DC521219D3D00C1BC05 /* Whisper.framework in Frameworks */,
				EFDF1478095D5DD5833C589D /* Pods_Tweetometer.framework in Frameworks */,
			);
			runOnlyForDeploymentPostprocessing = 0;
		};
		AE277DFB1BD4E6DB004E151C /* Frameworks */ = {
			isa = PBXFrameworksBuildPhase;
			buildActionMask = 2147483647;
			files = (
				578AA9036661573D3B157C46 /* Pods_TweetometerTests.framework in Frameworks */,
			);
			runOnlyForDeploymentPostprocessing = 0;
		};
		AE45DC371E0FFDAC00CD2190 /* Frameworks */ = {
			isa = PBXFrameworksBuildPhase;
			buildActionMask = 2147483647;
			files = (
				D4C46BBBC9CDE286F18F55C4 /* Pods_TweetometerKit.framework in Frameworks */,
			);
			runOnlyForDeploymentPostprocessing = 0;
		};
/* End PBXFrameworksBuildPhase section */

/* Begin PBXGroup section */
		8081FEEADF216BD0CB3EF0D6 /* Frameworks */ = {
			isa = PBXGroup;
			children = (
				AED5D56F2123445300F5029F /* Kingfisher.framework */,
				45964C4C724A8605A812779E /* Pods_Tweetometer.framework */,
				DC19894D7F38FA0890931A6F /* Pods_TweetometerKit.framework */,
				251B8F0FCD1ABEE325A5950F /* Pods_TweetometerTests.framework */,
			);
			name = Frameworks;
			sourceTree = "<group>";
		};
		93C9EBB2F0B13F38265F5B44 /* Pods */ = {
			isa = PBXGroup;
			children = (
				689D3D351D2FEB9576BEF171 /* Pods-TweetometerKit.debug.xcconfig */,
				F90D447DEC4AAF22A8A461AA /* Pods-TweetometerKit.release.xcconfig */,
				75F038E2C13CA91C53D92F12 /* Pods-TweetometerTests.debug.xcconfig */,
				13522A5358387809B6C17E1E /* Pods-TweetometerTests.release.xcconfig */,
			);
			name = Pods;
			sourceTree = "<group>";
		};
		AE07A0D81C5D4AF900514B1C /* View Controller */ = {
			isa = PBXGroup;
			children = (
				AE277DEF1BD4E6DB004E151C /* HomeViewController.swift */,
				AE6352141C66226800799157 /* UserDetailViewController.swift */,
				AE35A2F31C52B4A4001E1D88 /* SettingsViewController.swift */,
				AE15F36B1C62A1BD00EE2F82 /* MenuPopOverViewController.swift */,
				AE3E81BD1BF8B40600A51804 /* LogInViewController.swift */,
				AE1BD43D2124B1A300760793 /* UserTopBarViewController.swift */,
				AE1BD468212566B400760793 /* UserTopBar.storyboard */,
			);
			name = "View Controller";
			sourceTree = "<group>";
		};
		AE0FA7CE1C0EE6F900EDB0A1 /* Extensions */ = {
			isa = PBXGroup;
			children = (
				AED0A1F51C5E01BA002D40A4 /* ApplicationStyle.swift */,
				AEB19FAE2126CB4F006BE170 /* Operation+Utils.swift */,
				AEB280941C79FC0C009C64EE /* UIViewController+Utils.swift */,
				AE0447991DF3040700FEE093 /* NSAttributedString+User.swift */,
				AEFBEBD41E1D3070009BCD34 /* ActiveLabel+Utils.swift */,
			);
			name = Extensions;
			sourceTree = "<group>";
		};
		AE0FA7CF1C0EE71100EDB0A1 /* Utils */ = {
			isa = PBXGroup;
			children = (
				AEC95CF11C81AED900811BAC /* LinkOpener.swift */,
				AEE75E3A1E13D93E00377A46 /* UITableView+Screenshot.swift */,
				AE506B551E12D11700DE23B0 /* NetworkActivityIndicatorManager.swift */,
				AEE4D8071BF9BFD100C9CA08 /* Constants.swift */,
				AEE8C9AC1C0DB2D40047A6A6 /* Storyboard.swift */,
				AE35A2F51C52C146001E1D88 /* DismissFromSettingsSegue.swift */,
				AE247A741DF1C61300C87A29 /* Images.swift */,
			);
			name = Utils;
			sourceTree = "<group>";
		};
		AE0FA7D01C0EE71D00EDB0A1 /* Storyboards */ = {
			isa = PBXGroup;
			children = (
				AE277DF11BD4E6DB004E151C /* Main.storyboard */,
				AE0ADCAA1E1A9E78000021B3 /* Login.storyboard */,
				AE0ADCA71E1A9E5B000021B3 /* Settings.storyboard */,
				AE277DF61BD4E6DB004E151C /* LaunchScreen.storyboard */,
			);
			name = Storyboards;
			sourceTree = "<group>";
		};
		AE0FA7D11C0EE78100EDB0A1 /* Views */ = {
			isa = PBXGroup;
			children = (
				AE07A0D51C5D4AD400514B1C /* UserTableViewCell.swift */,
				AEAFB1051C7A0E270030AB33 /* TweetTableViewCell.swift */,
				AEF598E61CD679B40055E88C /* UserDetailsTableViewCell.swift */,
				AE0FA7C61C0DEBDE00EDB0A1 /* ProfilePictureButtonItem.swift */,
				AE6352121C66178400799157 /* MenuOptionTableViewCell.swift */,
				AEE22BAA1CD72DF1003CA241 /* ProfilePictureImageView.swift */,
			);
			name = Views;
			sourceTree = "<group>";
		};
		AE1BD46121255EB800760793 /* Generated */ = {
			isa = PBXGroup;
			children = (
				AE1BD46221255EB800760793 /* LocalizedStrings.swift */,
				AE1BD46321255EB800760793 /* Images.swift */,
				AE1BD46D2125678A00760793 /* Storyboards.swift */,
			);
			path = Generated;
			sourceTree = "<group>";
		};
		AE277DE11BD4E6DB004E151C = {
			isa = PBXGroup;
			children = (
				AE277DEC1BD4E6DB004E151C /* Tweetometer */,
				AEFBF1B92121BB8700415886 /* Config */,
				AE277E011BD4E6DB004E151C /* TweetometerTests */,
				AE45DC3C1E0FFDAC00CD2190 /* TweetometerKit */,
				AE277DEB1BD4E6DB004E151C /* Products */,
				AE56929921207F76001363F1 /* Whisper.framework */,
				AE56929221207ED1001363F1 /* ValueStepper.framework */,
				AE56928C21207EC8001363F1 /* Presentr.framework */,
				93C9EBB2F0B13F38265F5B44 /* Pods */,
				8081FEEADF216BD0CB3EF0D6 /* Frameworks */,
			);
			sourceTree = "<group>";
		};
		AE277DEB1BD4E6DB004E151C /* Products */ = {
			isa = PBXGroup;
			children = (
				AE277DEA1BD4E6DB004E151C /* Tweetometer.app */,
				AE277DFE1BD4E6DB004E151C /* TweetometerTests.xctest */,
				AE45DC3B1E0FFDAC00CD2190 /* TweetometerKit.framework */,
			);
			name = Products;
			sourceTree = "<group>";
		};
		AE277DEC1BD4E6DB004E151C /* Tweetometer */ = {
			isa = PBXGroup;
			children = (
				AEB059731DE47E34002BBE79 /* Tweetometer.entitlements */,
				AE94D0D3212201F500DFC3E5 /* App Launch Initializers */,
				AE07A0D81C5D4AF900514B1C /* View Controller */,
				AE9670081C945AE700189697 /* Coordinators */,
				AE0FA7D11C0EE78100EDB0A1 /* Views */,
				AE0FA7CE1C0EE6F900EDB0A1 /* Extensions */,
				AE0FA7CF1C0EE71100EDB0A1 /* Utils */,
				AE1BD46121255EB800760793 /* Generated */,
				AE0FA7D01C0EE71D00EDB0A1 /* Storyboards */,
				AE1BD45E2124D27400760793 /* Localizable.strings */,
				AE277DF41BD4E6DB004E151C /* Assets.xcassets */,
				AE277DF91BD4E6DB004E151C /* Info.plist */,
			);
			path = Tweetometer;
			sourceTree = "<group>";
		};
		AE277E011BD4E6DB004E151C /* TweetometerTests */ = {
			isa = PBXGroup;
			children = (
				AEF1F2121C64F10000591E46 /* TimelineParserTests.swift */,
				AEF1F20E1C64EE9B00591E46 /* MenuOptionsTests.swift */,
				AE277E021BD4E6DB004E151C /* TwitterRequestTests.swift */,
				AEDC61E81CD4D665005324C6 /* LinkOpenerUserTests.swift */,
				AE0A0DB21E11500B0088AF06 /* LinkOpenerHashtagTests.swift */,
				AE0A0DB01E113CAE0088AF06 /* LinkOpenerTweetTests.swift */,
				AEA2F4981C28088E00777304 /* Helpers */,
				AE6675911C3C13DB00DD47AB /* JSON */,
				AE277E041BD4E6DB004E151C /* Info.plist */,
			);
			path = TweetometerTests;
			sourceTree = "<group>";
		};
		AE45DC3C1E0FFDAC00CD2190 /* TweetometerKit */ = {
			isa = PBXGroup;
			children = (
				AE45DC4F1E101B8C00CD2190 /* Model */,
				AE45DC501E101B9500CD2190 /* Twitter */,
				AE1FCA161E1EFCFA001B4229 /* Customizations.swift */,
				AE028F13211ADA8000741650 /* SettingsManager.swift */,
				AE81D52621273D7000207F0C /* Logger.swift */,
				AE81D5282127409E00207F0C /* PerformanceLogger.swift */,
				AE506B571E12D4B600DE23B0 /* Notification.swift */,
				AE45DC3D1E0FFDAC00CD2190 /* TweetometerKit.h */,
				AE45DC3E1E0FFDAC00CD2190 /* Info.plist */,
			);
			path = TweetometerKit;
			sourceTree = "<group>";
		};
		AE45DC4F1E101B8C00CD2190 /* Model */ = {
			isa = PBXGroup;
			children = (
				AE2B2E9121281DEF0042EBBE /* Timeline.swift */,
				AE1FCA181E1F0526001B4229 /* Tweet.swift */,
				AE1FCA1C1E1F0548001B4229 /* User.swift */,
				AE1FCA1A1E1F0544001B4229 /* MenuOptionsDataSource.swift */,
			);
			name = Model;
			sourceTree = "<group>";
		};
		AE45DC501E101B9500CD2190 /* Twitter */ = {
			isa = PBXGroup;
			children = (
				AE4ADBE72126DFE600842F2D /* TimelineDownloaderOperation.swift */,
				AE1FCA201E1F0571001B4229 /* TwitterSession.swift */,
				AE1FCA141E1EFCC3001B4229 /* Analytics.swift */,
				AE2B2E95212878F60042EBBE /* DateFormatter+Utils.swift */,
				AE2B2E93212878E50042EBBE /* JSONDecoder+Utils.swift */,
			);
			name = Twitter;
			sourceTree = "<group>";
		};
		AE6675911C3C13DB00DD47AB /* JSON */ = {
			isa = PBXGroup;
			children = (
				AE5F0AE31C65056D00B0C157 /* timeline_tweets.json */,
				AE66758F1C3C13D500DD47AB /* users_show.json */,
			);
			name = JSON;
			sourceTree = "<group>";
		};
		AE94D0D3212201F500DFC3E5 /* App Launch Initializers */ = {
			isa = PBXGroup;
			children = (
				AE277DED1BD4E6DB004E151C /* AppDelegate.swift */,
				AEFBF1B02121ACFF00415886 /* DependencyInitializer.swift */,
				AEFBF1B22121AD2000415886 /* TwitterKitInitializer.swift */,
				AEFBF1B42121AF6800415886 /* Secrets.swift */,
				AE94D0D421220E4000DFC3E5 /* AppServices.swift */,
			);
			name = "App Launch Initializers";
			sourceTree = "<group>";
		};
		AE9670081C945AE700189697 /* Coordinators */ = {
			isa = PBXGroup;
			children = (
				AE2F0DC51C93751100F10122 /* AppCoordinator.swift */,
				AE9670061C945ADF00189697 /* HomeCoordinator.swift */,
				AE292B3C1DFDF009002B91AD /* MenuCoordinator.swift */,
				AE9670091C94604700189697 /* UserDetailCoordinator.swift */,
				AE292B3E1DFDF998002B91AD /* SettingsCoordinator.swift */,
				AE055BA11DF03CE600442A2E /* LoginCoordinator.swift */,
			);
			name = Coordinators;
			sourceTree = "<group>";
		};
		AEA2F4981C28088E00777304 /* Helpers */ = {
			isa = PBXGroup;
			children = (
				AEA2F4961C2806C700777304 /* Utils.swift */,
			);
			name = Helpers;
			sourceTree = "<group>";
		};
		AEFBF1B92121BB8700415886 /* Config */ = {
			isa = PBXGroup;
			children = (
				AEFBF1B62121B76C00415886 /* Tweetometer.debug.xcconfig */,
				AEFBF1B82121BA9C00415886 /* Tweetometer.release.xcconfig */,
				AEFBF1B72121BA1300415886 /* TwitterKeys.xcconfig */,
			);
			path = Config;
			sourceTree = "<group>";
		};
/* End PBXGroup section */

/* Begin PBXHeadersBuildPhase section */
		AE45DC381E0FFDAC00CD2190 /* Headers */ = {
			isa = PBXHeadersBuildPhase;
			buildActionMask = 2147483647;
			files = (
				AE45DC3F1E0FFDAC00CD2190 /* TweetometerKit.h in Headers */,
			);
			runOnlyForDeploymentPostprocessing = 0;
		};
/* End PBXHeadersBuildPhase section */

/* Begin PBXNativeTarget section */
		AE277DE91BD4E6DB004E151C /* Tweetometer */ = {
			isa = PBXNativeTarget;
			buildConfigurationList = AE277E121BD4E6DB004E151C /* Build configuration list for PBXNativeTarget "Tweetometer" */;
			buildPhases = (
				2EEC84F4ACDCEC61461A4B84 /* [CP] Check Pods Manifest.lock */,
				AE277DE61BD4E6DB004E151C /* Sources */,
				AE277DE71BD4E6DB004E151C /* Frameworks */,
				AE277DE81BD4E6DB004E151C /* Resources */,
				AE45DC471E0FFDAC00CD2190 /* Embed Frameworks */,
				AE45EEB42120673C003072F6 /* ShellScript */,
				D934CC98BB50FEB4815A768D /* [CP] Embed Pods Frameworks */,
				F551C22622C4F5BC7B0A71AD /* [CP] Copy Pods Resources */,
				AE1BD4412124CBAC00760793 /* ShellScript */,
			);
			buildRules = (
			);
			dependencies = (
				AE45DC411E0FFDAC00CD2190 /* PBXTargetDependency */,
			);
			name = Tweetometer;
			productName = TweetsCounter;
			productReference = AE277DEA1BD4E6DB004E151C /* Tweetometer.app */;
			productType = "com.apple.product-type.application";
		};
		AE277DFD1BD4E6DB004E151C /* TweetometerTests */ = {
			isa = PBXNativeTarget;
			buildConfigurationList = AE277E151BD4E6DB004E151C /* Build configuration list for PBXNativeTarget "TweetometerTests" */;
			buildPhases = (
				EC32418DBEEB0045282FF919 /* [CP] Check Pods Manifest.lock */,
				AE277DFA1BD4E6DB004E151C /* Sources */,
				AE277DFB1BD4E6DB004E151C /* Frameworks */,
				AE277DFC1BD4E6DB004E151C /* Resources */,
			);
			buildRules = (
			);
			dependencies = (
				AE277E001BD4E6DB004E151C /* PBXTargetDependency */,
			);
			name = TweetometerTests;
			productName = TweetsCounterTests;
			productReference = AE277DFE1BD4E6DB004E151C /* TweetometerTests.xctest */;
			productType = "com.apple.product-type.bundle.unit-test";
		};
		AE45DC3A1E0FFDAC00CD2190 /* TweetometerKit */ = {
			isa = PBXNativeTarget;
			buildConfigurationList = AE45DC441E0FFDAC00CD2190 /* Build configuration list for PBXNativeTarget "TweetometerKit" */;
			buildPhases = (
				854BFF521A227EF6B5804949 /* [CP] Check Pods Manifest.lock */,
				AE45DC361E0FFDAC00CD2190 /* Sources */,
				AE45DC371E0FFDAC00CD2190 /* Frameworks */,
				AE45DC381E0FFDAC00CD2190 /* Headers */,
				AE45DC391E0FFDAC00CD2190 /* Resources */,
				33809EBE22D59D5D47FAAFF5 /* [CP] Copy Pods Resources */,
			);
			buildRules = (
			);
			dependencies = (
			);
			name = TweetometerKit;
			productName = TweetometerKit;
			productReference = AE45DC3B1E0FFDAC00CD2190 /* TweetometerKit.framework */;
			productType = "com.apple.product-type.framework";
		};
/* End PBXNativeTarget section */

/* Begin PBXProject section */
		AE277DE21BD4E6DB004E151C /* Project object */ = {
			isa = PBXProject;
			attributes = {
				LastSwiftUpdateCheck = 0710;
				LastUpgradeCheck = 1000;
				ORGANIZATIONNAME = "Patrick Balestra";
				TargetAttributes = {
					AE277DE91BD4E6DB004E151C = {
						CreatedOnToolsVersion = 7.0.1;
						DevelopmentTeam = 2EZDW5DVTJ;
						LastSwiftMigration = 0810;
						SystemCapabilities = {
							com.apple.Keychain = {
								enabled = 1;
							};
						};
					};
					AE277DFD1BD4E6DB004E151C = {
						CreatedOnToolsVersion = 7.0.1;
						LastSwiftMigration = 0810;
						TestTargetID = AE277DE91BD4E6DB004E151C;
					};
					AE45DC3A1E0FFDAC00CD2190 = {
						CreatedOnToolsVersion = 8.2;
						DevelopmentTeam = 2EZDW5DVTJ;
						ProvisioningStyle = Automatic;
					};
				};
			};
			buildConfigurationList = AE277DE51BD4E6DB004E151C /* Build configuration list for PBXProject "Tweetometer" */;
			compatibilityVersion = "Xcode 3.2";
			developmentRegion = English;
			hasScannedForEncodings = 0;
			knownRegions = (
				en,
				Base,
				it,
			);
			mainGroup = AE277DE11BD4E6DB004E151C;
			productRefGroup = AE277DEB1BD4E6DB004E151C /* Products */;
			projectDirPath = "";
			projectRoot = "";
			targets = (
				AE277DE91BD4E6DB004E151C /* Tweetometer */,
				AE277DFD1BD4E6DB004E151C /* TweetometerTests */,
				AE45DC3A1E0FFDAC00CD2190 /* TweetometerKit */,
			);
		};
/* End PBXProject section */

/* Begin PBXResourcesBuildPhase section */
		AE277DE81BD4E6DB004E151C /* Resources */ = {
			isa = PBXResourcesBuildPhase;
			buildActionMask = 2147483647;
			files = (
				AE277DF81BD4E6DB004E151C /* LaunchScreen.storyboard in Resources */,
				AE1BD466212566B400760793 /* UserTopBar.storyboard in Resources */,
				AE277DF51BD4E6DB004E151C /* Assets.xcassets in Resources */,
				AE1BD45C2124D27400760793 /* Localizable.strings in Resources */,
				AE277DF31BD4E6DB004E151C /* Main.storyboard in Resources */,
				AE0ADCAC1E1A9E78000021B3 /* Login.storyboard in Resources */,
				AE0ADCA91E1A9E5B000021B3 /* Settings.storyboard in Resources */,
			);
			runOnlyForDeploymentPostprocessing = 0;
		};
		AE277DFC1BD4E6DB004E151C /* Resources */ = {
			isa = PBXResourcesBuildPhase;
			buildActionMask = 2147483647;
			files = (
				AE5F0AE41C65056D00B0C157 /* timeline_tweets.json in Resources */,
				AE6675901C3C13D500DD47AB /* users_show.json in Resources */,
			);
			runOnlyForDeploymentPostprocessing = 0;
		};
		AE45DC391E0FFDAC00CD2190 /* Resources */ = {
			isa = PBXResourcesBuildPhase;
			buildActionMask = 2147483647;
			files = (
			);
			runOnlyForDeploymentPostprocessing = 0;
		};
/* End PBXResourcesBuildPhase section */

/* Begin PBXShellScriptBuildPhase section */
		2EEC84F4ACDCEC61461A4B84 /* [CP] Check Pods Manifest.lock */ = {
			isa = PBXShellScriptBuildPhase;
			buildActionMask = 2147483647;
			files = (
			);
			inputPaths = (
				"${PODS_PODFILE_DIR_PATH}/Podfile.lock",
				"${PODS_ROOT}/Manifest.lock",
			);
			name = "[CP] Check Pods Manifest.lock";
			outputPaths = (
				"$(DERIVED_FILE_DIR)/Pods-Tweetometer-checkManifestLockResult.txt",
			);
			runOnlyForDeploymentPostprocessing = 0;
			shellPath = /bin/sh;
			shellScript = "diff \"${PODS_PODFILE_DIR_PATH}/Podfile.lock\" \"${PODS_ROOT}/Manifest.lock\" > /dev/null\nif [ $? != 0 ] ; then\n    # print error to STDERR\n    echo \"error: The sandbox is not in sync with the Podfile.lock. Run 'pod install' or update your CocoaPods installation.\" >&2\n    exit 1\nfi\n# This output is used by Xcode 'outputs' to avoid re-running this script phase.\necho \"SUCCESS\" > \"${SCRIPT_OUTPUT_FILE_0}\"\n";
			showEnvVarsInLog = 0;
		};
		33809EBE22D59D5D47FAAFF5 /* [CP] Copy Pods Resources */ = {
			isa = PBXShellScriptBuildPhase;
			buildActionMask = 2147483647;
			files = (
			);
			inputPaths = (
				"${SRCROOT}/Pods/Target Support Files/Pods-TweetometerKit/Pods-TweetometerKit-resources.sh",
				"${PODS_ROOT}/TwitterKit/iOS/TwitterKit.framework/TwitterKitResources.bundle",
				"${PODS_ROOT}/TwitterKit/iOS/TwitterKit.framework/TwitterShareExtensionUIResources.bundle",
			);
			name = "[CP] Copy Pods Resources";
			outputPaths = (
				"${TARGET_BUILD_DIR}/${UNLOCALIZED_RESOURCES_FOLDER_PATH}/TwitterKitResources.bundle",
				"${TARGET_BUILD_DIR}/${UNLOCALIZED_RESOURCES_FOLDER_PATH}/TwitterShareExtensionUIResources.bundle",
			);
			runOnlyForDeploymentPostprocessing = 0;
			shellPath = /bin/sh;
			shellScript = "\"${SRCROOT}/Pods/Target Support Files/Pods-TweetometerKit/Pods-TweetometerKit-resources.sh\"\n";
			showEnvVarsInLog = 0;
		};
		854BFF521A227EF6B5804949 /* [CP] Check Pods Manifest.lock */ = {
			isa = PBXShellScriptBuildPhase;
			buildActionMask = 2147483647;
			files = (
			);
			inputPaths = (
				"${PODS_PODFILE_DIR_PATH}/Podfile.lock",
				"${PODS_ROOT}/Manifest.lock",
			);
			name = "[CP] Check Pods Manifest.lock";
			outputPaths = (
				"$(DERIVED_FILE_DIR)/Pods-TweetometerKit-checkManifestLockResult.txt",
			);
			runOnlyForDeploymentPostprocessing = 0;
			shellPath = /bin/sh;
			shellScript = "diff \"${PODS_PODFILE_DIR_PATH}/Podfile.lock\" \"${PODS_ROOT}/Manifest.lock\" > /dev/null\nif [ $? != 0 ] ; then\n    # print error to STDERR\n    echo \"error: The sandbox is not in sync with the Podfile.lock. Run 'pod install' or update your CocoaPods installation.\" >&2\n    exit 1\nfi\n# This output is used by Xcode 'outputs' to avoid re-running this script phase.\necho \"SUCCESS\" > \"${SCRIPT_OUTPUT_FILE_0}\"\n";
			showEnvVarsInLog = 0;
		};
		AE1BD4412124CBAC00760793 /* ShellScript */ = {
			isa = PBXShellScriptBuildPhase;
			buildActionMask = 2147483647;
			files = (
			);
			inputFileListPaths = (
			);
			inputPaths = (
			);
			outputFileListPaths = (
			);
			outputPaths = (
			);
			runOnlyForDeploymentPostprocessing = 0;
			shellPath = /bin/sh;
			shellScript = "if which swiftgen >/dev/null; then\n    swiftgen\nelse\n    echo \"warning: SwiftGen not installed, download it from https://github.com/SwiftGen/SwiftGen\"\nfi\n";
		};
		AE45EEB42120673C003072F6 /* ShellScript */ = {
			isa = PBXShellScriptBuildPhase;
			buildActionMask = 2147483647;
			files = (
			);
			inputPaths = (
				"$(SRCROOT)/Carthage/Build/iOS/Presentr.framework",
				"$(SRCROOT)/Carthage/Build/iOS/ValueStepper.framework",
				"$(SRCROOT)/Carthage/Build/iOS/Whisper.framework",
				"$(SRCROOT)/Carthage/Build/iOS/Kingfisher.framework",
			);
			outputPaths = (
			);
			runOnlyForDeploymentPostprocessing = 0;
			shellPath = /bin/sh;
			shellScript = "/usr/local/bin/carthage copy-frameworks\n";
		};
		D934CC98BB50FEB4815A768D /* [CP] Embed Pods Frameworks */ = {
			isa = PBXShellScriptBuildPhase;
			buildActionMask = 2147483647;
			files = (
			);
			inputPaths = (
				"${SRCROOT}/Pods/Target Support Files/Pods-Tweetometer/Pods-Tweetometer-frameworks.sh",
				"${PODS_ROOT}/TwitterCore/iOS/TwitterCore.framework",
				"${PODS_ROOT}/TwitterKit/iOS/TwitterKit.framework",
			);
			name = "[CP] Embed Pods Frameworks";
			outputPaths = (
				"${TARGET_BUILD_DIR}/${FRAMEWORKS_FOLDER_PATH}/TwitterCore.framework",
				"${TARGET_BUILD_DIR}/${FRAMEWORKS_FOLDER_PATH}/TwitterKit.framework",
			);
			runOnlyForDeploymentPostprocessing = 0;
			shellPath = /bin/sh;
			shellScript = "\"${SRCROOT}/Pods/Target Support Files/Pods-Tweetometer/Pods-Tweetometer-frameworks.sh\"\n";
			showEnvVarsInLog = 0;
		};
		EC32418DBEEB0045282FF919 /* [CP] Check Pods Manifest.lock */ = {
			isa = PBXShellScriptBuildPhase;
			buildActionMask = 2147483647;
			files = (
			);
			inputPaths = (
				"${PODS_PODFILE_DIR_PATH}/Podfile.lock",
				"${PODS_ROOT}/Manifest.lock",
			);
			name = "[CP] Check Pods Manifest.lock";
			outputPaths = (
				"$(DERIVED_FILE_DIR)/Pods-TweetometerTests-checkManifestLockResult.txt",
			);
			runOnlyForDeploymentPostprocessing = 0;
			shellPath = /bin/sh;
			shellScript = "diff \"${PODS_PODFILE_DIR_PATH}/Podfile.lock\" \"${PODS_ROOT}/Manifest.lock\" > /dev/null\nif [ $? != 0 ] ; then\n    # print error to STDERR\n    echo \"error: The sandbox is not in sync with the Podfile.lock. Run 'pod install' or update your CocoaPods installation.\" >&2\n    exit 1\nfi\n# This output is used by Xcode 'outputs' to avoid re-running this script phase.\necho \"SUCCESS\" > \"${SCRIPT_OUTPUT_FILE_0}\"\n";
			showEnvVarsInLog = 0;
		};
		F551C22622C4F5BC7B0A71AD /* [CP] Copy Pods Resources */ = {
			isa = PBXShellScriptBuildPhase;
			buildActionMask = 2147483647;
			files = (
			);
			inputPaths = (
				"${SRCROOT}/Pods/Target Support Files/Pods-Tweetometer/Pods-Tweetometer-resources.sh",
				"${PODS_ROOT}/TwitterKit/iOS/TwitterKit.framework/TwitterKitResources.bundle",
				"${PODS_ROOT}/TwitterKit/iOS/TwitterKit.framework/TwitterShareExtensionUIResources.bundle",
			);
			name = "[CP] Copy Pods Resources";
			outputPaths = (
				"${TARGET_BUILD_DIR}/${UNLOCALIZED_RESOURCES_FOLDER_PATH}/TwitterKitResources.bundle",
				"${TARGET_BUILD_DIR}/${UNLOCALIZED_RESOURCES_FOLDER_PATH}/TwitterShareExtensionUIResources.bundle",
			);
			runOnlyForDeploymentPostprocessing = 0;
			shellPath = /bin/sh;
			shellScript = "\"${SRCROOT}/Pods/Target Support Files/Pods-Tweetometer/Pods-Tweetometer-resources.sh\"\n";
			showEnvVarsInLog = 0;
		};
/* End PBXShellScriptBuildPhase section */

/* Begin PBXSourcesBuildPhase section */
		AE277DE61BD4E6DB004E151C /* Sources */ = {
			isa = PBXSourcesBuildPhase;
			buildActionMask = 2147483647;
			files = (
				AE35A2F61C52C146001E1D88 /* DismissFromSettingsSegue.swift in Sources */,
				AEFBF1B52121AF6800415886 /* Secrets.swift in Sources */,
				AEAFB1061C7A0E270030AB33 /* TweetTableViewCell.swift in Sources */,
				AE277DF01BD4E6DB004E151C /* HomeViewController.swift in Sources */,
				AE1BD46421255EB800760793 /* LocalizedStrings.swift in Sources */,
				AEE75E3B1E13D93E00377A46 /* UITableView+Screenshot.swift in Sources */,
				AE15F36C1C62A1BD00EE2F82 /* MenuPopOverViewController.swift in Sources */,
				AE292B3D1DFDF009002B91AD /* MenuCoordinator.swift in Sources */,
				AE6352131C66178400799157 /* MenuOptionTableViewCell.swift in Sources */,
				AEE22BAB1CD72DF1003CA241 /* ProfilePictureImageView.swift in Sources */,
				AE2F0DC61C93751100F10122 /* AppCoordinator.swift in Sources */,
				AE35A2F41C52B4A4001E1D88 /* SettingsViewController.swift in Sources */,
				AE04479A1DF3040700FEE093 /* NSAttributedString+User.swift in Sources */,
				AE1BD46521255EB800760793 /* Images.swift in Sources */,
				AE94D0D521220E4000DFC3E5 /* AppServices.swift in Sources */,
				AEFBF1B12121ACFF00415886 /* DependencyInitializer.swift in Sources */,
				AE3E81BE1BF8B40600A51804 /* LogInViewController.swift in Sources */,
				AE277DEE1BD4E6DB004E151C /* AppDelegate.swift in Sources */,
				AED0A1F61C5E01BA002D40A4 /* ApplicationStyle.swift in Sources */,
				AEFBF1B32121AD2000415886 /* TwitterKitInitializer.swift in Sources */,
				AE506B561E12D11700DE23B0 /* NetworkActivityIndicatorManager.swift in Sources */,
				AE055BA21DF03CE600442A2E /* LoginCoordinator.swift in Sources */,
				AEC95CF21C81AED900811BAC /* LinkOpener.swift in Sources */,
				AE07A0D61C5D4AD400514B1C /* UserTableViewCell.swift in Sources */,
				AE1BD46E2125678A00760793 /* Storyboards.swift in Sources */,
				AEB19FAF2126CB4F006BE170 /* Operation+Utils.swift in Sources */,
				AEF598E71CD679B40055E88C /* UserDetailsTableViewCell.swift in Sources */,
				AE0FA7C71C0DEBDE00EDB0A1 /* ProfilePictureButtonItem.swift in Sources */,
				AEB280951C79FC0C009C64EE /* UIViewController+Utils.swift in Sources */,
				AEE4D8081BF9BFD100C9CA08 /* Constants.swift in Sources */,
				AE96700A1C94604700189697 /* UserDetailCoordinator.swift in Sources */,
				AE292B3F1DFDF998002B91AD /* SettingsCoordinator.swift in Sources */,
				AEFBEBD51E1D3070009BCD34 /* ActiveLabel+Utils.swift in Sources */,
				AE9670071C945ADF00189697 /* HomeCoordinator.swift in Sources */,
				AE1BD43E2124B1A300760793 /* UserTopBarViewController.swift in Sources */,
				AE6352151C66226800799157 /* UserDetailViewController.swift in Sources */,
			);
			runOnlyForDeploymentPostprocessing = 0;
		};
		AE277DFA1BD4E6DB004E151C /* Sources */ = {
			isa = PBXSourcesBuildPhase;
			buildActionMask = 2147483647;
			files = (
				AE0A0DB11E113CAE0088AF06 /* LinkOpenerTweetTests.swift in Sources */,
				AEA2F4971C2806C700777304 /* Utils.swift in Sources */,
				AEDC61E91CD4D665005324C6 /* LinkOpenerUserTests.swift in Sources */,
				AE067FFC1C650C09008C325B /* TimelineParserTests.swift in Sources */,
				AE277E031BD4E6DB004E151C /* TwitterRequestTests.swift in Sources */,
				AE0A0DB31E11500B0088AF06 /* LinkOpenerHashtagTests.swift in Sources */,
				AEF1F20F1C64EE9B00591E46 /* MenuOptionsTests.swift in Sources */,
			);
			runOnlyForDeploymentPostprocessing = 0;
		};
		AE45DC361E0FFDAC00CD2190 /* Sources */ = {
			isa = PBXSourcesBuildPhase;
			buildActionMask = 2147483647;
			files = (
				AE1FCA151E1EFCC3001B4229 /* Analytics.swift in Sources */,
				AE81D52721273D7000207F0C /* Logger.swift in Sources */,
				AE4ADBE82126DFE600842F2D /* TimelineDownloaderOperation.swift in Sources */,
				AE1FCA211E1F0571001B4229 /* TwitterSession.swift in Sources */,
				AE506B581E12D4B600DE23B0 /* Notification.swift in Sources */,
				AE1FCA1B1E1F0544001B4229 /* MenuOptionsDataSource.swift in Sources */,
				AE1FCA171E1EFCFA001B4229 /* Customizations.swift in Sources */,
				AE81D5292127409E00207F0C /* PerformanceLogger.swift in Sources */,
				AE1FCA191E1F0526001B4229 /* Tweet.swift in Sources */,
				AE2B2E9221281DEF0042EBBE /* Timeline.swift in Sources */,
				AE2B2E96212878F60042EBBE /* DateFormatter+Utils.swift in Sources */,
				AE1FCA1D1E1F0548001B4229 /* User.swift in Sources */,
				AE2B2E94212878E50042EBBE /* JSONDecoder+Utils.swift in Sources */,
				AE028F14211ADA8000741650 /* SettingsManager.swift in Sources */,
			);
			runOnlyForDeploymentPostprocessing = 0;
		};
/* End PBXSourcesBuildPhase section */

/* Begin PBXTargetDependency section */
		AE277E001BD4E6DB004E151C /* PBXTargetDependency */ = {
			isa = PBXTargetDependency;
			target = AE277DE91BD4E6DB004E151C /* Tweetometer */;
			targetProxy = AE277DFF1BD4E6DB004E151C /* PBXContainerItemProxy */;
		};
		AE45DC411E0FFDAC00CD2190 /* PBXTargetDependency */ = {
			isa = PBXTargetDependency;
			target = AE45DC3A1E0FFDAC00CD2190 /* TweetometerKit */;
			targetProxy = AE45DC401E0FFDAC00CD2190 /* PBXContainerItemProxy */;
		};
/* End PBXTargetDependency section */

/* Begin PBXVariantGroup section */
		AE0ADCA71E1A9E5B000021B3 /* Settings.storyboard */ = {
			isa = PBXVariantGroup;
			children = (
				AE0ADCA81E1A9E5B000021B3 /* Base */,
				AE1BD4592124D0D500760793 /* it */,
			);
			name = Settings.storyboard;
			sourceTree = "<group>";
		};
		AE0ADCAA1E1A9E78000021B3 /* Login.storyboard */ = {
			isa = PBXVariantGroup;
			children = (
				AE0ADCAB1E1A9E78000021B3 /* Base */,
				AE1BD4582124D0D400760793 /* it */,
			);
			name = Login.storyboard;
			sourceTree = "<group>";
		};
		AE1BD45E2124D27400760793 /* Localizable.strings */ = {
			isa = PBXVariantGroup;
			children = (
				AE1BD45D2124D27400760793 /* en */,
			);
			name = Localizable.strings;
			path = /Users/patrickbalestra/Documents/TweetsCounter/Tweetometer;
			sourceTree = "<absolute>";
		};
		AE1BD468212566B400760793 /* UserTopBar.storyboard */ = {
			isa = PBXVariantGroup;
			children = (
				AE1BD467212566B400760793 /* Base */,
				AE1BD46A212566BB00760793 /* en */,
				AE1BD46C212566C100760793 /* it */,
			);
			name = UserTopBar.storyboard;
			path = /Users/patrickbalestra/Documents/TweetsCounter/Tweetometer;
			sourceTree = "<absolute>";
		};
		AE277DF11BD4E6DB004E151C /* Main.storyboard */ = {
			isa = PBXVariantGroup;
			children = (
				AE1BD4532124CFFC00760793 /* Base */,
				AE1BD4552124D05000760793 /* en */,
				AE1BD4572124D0D400760793 /* it */,
			);
			name = Main.storyboard;
			sourceTree = "<group>";
		};
		AE277DF61BD4E6DB004E151C /* LaunchScreen.storyboard */ = {
			isa = PBXVariantGroup;
			children = (
				AE277DF71BD4E6DB004E151C /* Base */,
				AE1BD45A2124D0D600760793 /* it */,
			);
			name = LaunchScreen.storyboard;
			sourceTree = "<group>";
		};
/* End PBXVariantGroup section */

/* Begin XCBuildConfiguration section */
		AE277E101BD4E6DB004E151C /* Debug */ = {
			isa = XCBuildConfiguration;
			buildSettings = {
				ALWAYS_SEARCH_USER_PATHS = NO;
				CLANG_ANALYZER_LOCALIZABILITY_NONLOCALIZED = YES;
				CLANG_CXX_LANGUAGE_STANDARD = "gnu++0x";
				CLANG_CXX_LIBRARY = "libc++";
				CLANG_ENABLE_MODULES = YES;
				CLANG_ENABLE_OBJC_ARC = YES;
				CLANG_WARN_BLOCK_CAPTURE_AUTORELEASING = YES;
				CLANG_WARN_BOOL_CONVERSION = YES;
				CLANG_WARN_COMMA = YES;
				CLANG_WARN_CONSTANT_CONVERSION = YES;
				CLANG_WARN_DEPRECATED_OBJC_IMPLEMENTATIONS = YES;
				CLANG_WARN_DIRECT_OBJC_ISA_USAGE = YES_ERROR;
				CLANG_WARN_EMPTY_BODY = YES;
				CLANG_WARN_ENUM_CONVERSION = YES;
				CLANG_WARN_INFINITE_RECURSION = YES;
				CLANG_WARN_INT_CONVERSION = YES;
				CLANG_WARN_NON_LITERAL_NULL_CONVERSION = YES;
				CLANG_WARN_OBJC_IMPLICIT_RETAIN_SELF = YES;
				CLANG_WARN_OBJC_LITERAL_CONVERSION = YES;
				CLANG_WARN_OBJC_ROOT_CLASS = YES_ERROR;
				CLANG_WARN_RANGE_LOOP_ANALYSIS = YES;
				CLANG_WARN_STRICT_PROTOTYPES = YES;
				CLANG_WARN_SUSPICIOUS_MOVE = YES;
				CLANG_WARN_UNREACHABLE_CODE = YES;
				CLANG_WARN__DUPLICATE_METHOD_MATCH = YES;
				"CODE_SIGN_IDENTITY[sdk=iphoneos*]" = "iPhone Developer";
				COPY_PHASE_STRIP = NO;
				DEBUG_INFORMATION_FORMAT = dwarf;
				ENABLE_STRICT_OBJC_MSGSEND = YES;
				ENABLE_TESTABILITY = YES;
				GCC_C_LANGUAGE_STANDARD = gnu99;
				GCC_DYNAMIC_NO_PIC = NO;
				GCC_NO_COMMON_BLOCKS = YES;
				GCC_OPTIMIZATION_LEVEL = 0;
				GCC_PREPROCESSOR_DEFINITIONS = (
					"DEBUG=1",
					"$(inherited)",
				);
				GCC_WARN_64_TO_32_BIT_CONVERSION = YES;
				GCC_WARN_ABOUT_RETURN_TYPE = YES_ERROR;
				GCC_WARN_UNDECLARED_SELECTOR = YES;
				GCC_WARN_UNINITIALIZED_AUTOS = YES_AGGRESSIVE;
				GCC_WARN_UNUSED_FUNCTION = YES;
				GCC_WARN_UNUSED_VARIABLE = YES;
				IPHONEOS_DEPLOYMENT_TARGET = 10.0;
				MTL_ENABLE_DEBUG_INFO = YES;
				ONLY_ACTIVE_ARCH = YES;
				SDKROOT = iphoneos;
				SWIFT_OPTIMIZATION_LEVEL = "-Onone";
			};
			name = Debug;
		};
		AE277E111BD4E6DB004E151C /* Release */ = {
			isa = XCBuildConfiguration;
			buildSettings = {
				ALWAYS_SEARCH_USER_PATHS = NO;
				CLANG_ANALYZER_LOCALIZABILITY_NONLOCALIZED = YES;
				CLANG_CXX_LANGUAGE_STANDARD = "gnu++0x";
				CLANG_CXX_LIBRARY = "libc++";
				CLANG_ENABLE_MODULES = YES;
				CLANG_ENABLE_OBJC_ARC = YES;
				CLANG_WARN_BLOCK_CAPTURE_AUTORELEASING = YES;
				CLANG_WARN_BOOL_CONVERSION = YES;
				CLANG_WARN_COMMA = YES;
				CLANG_WARN_CONSTANT_CONVERSION = YES;
				CLANG_WARN_DEPRECATED_OBJC_IMPLEMENTATIONS = YES;
				CLANG_WARN_DIRECT_OBJC_ISA_USAGE = YES_ERROR;
				CLANG_WARN_EMPTY_BODY = YES;
				CLANG_WARN_ENUM_CONVERSION = YES;
				CLANG_WARN_INFINITE_RECURSION = YES;
				CLANG_WARN_INT_CONVERSION = YES;
				CLANG_WARN_NON_LITERAL_NULL_CONVERSION = YES;
				CLANG_WARN_OBJC_IMPLICIT_RETAIN_SELF = YES;
				CLANG_WARN_OBJC_LITERAL_CONVERSION = YES;
				CLANG_WARN_OBJC_ROOT_CLASS = YES_ERROR;
				CLANG_WARN_RANGE_LOOP_ANALYSIS = YES;
				CLANG_WARN_STRICT_PROTOTYPES = YES;
				CLANG_WARN_SUSPICIOUS_MOVE = YES;
				CLANG_WARN_UNREACHABLE_CODE = YES;
				CLANG_WARN__DUPLICATE_METHOD_MATCH = YES;
				"CODE_SIGN_IDENTITY[sdk=iphoneos*]" = "iPhone Developer";
				COPY_PHASE_STRIP = NO;
				DEBUG_INFORMATION_FORMAT = "dwarf-with-dsym";
				ENABLE_NS_ASSERTIONS = NO;
				ENABLE_STRICT_OBJC_MSGSEND = YES;
				GCC_C_LANGUAGE_STANDARD = gnu99;
				GCC_NO_COMMON_BLOCKS = YES;
				GCC_WARN_64_TO_32_BIT_CONVERSION = YES;
				GCC_WARN_ABOUT_RETURN_TYPE = YES_ERROR;
				GCC_WARN_UNDECLARED_SELECTOR = YES;
				GCC_WARN_UNINITIALIZED_AUTOS = YES_AGGRESSIVE;
				GCC_WARN_UNUSED_FUNCTION = YES;
				GCC_WARN_UNUSED_VARIABLE = YES;
				IPHONEOS_DEPLOYMENT_TARGET = 10.0;
				MTL_ENABLE_DEBUG_INFO = NO;
				SDKROOT = iphoneos;
				SWIFT_OPTIMIZATION_LEVEL = "-Owholemodule";
				VALIDATE_PRODUCT = YES;
			};
			name = Release;
		};
		AE277E131BD4E6DB004E151C /* Debug */ = {
			isa = XCBuildConfiguration;
			baseConfigurationReference = AEFBF1B62121B76C00415886 /* Tweetometer.debug.xcconfig */;
			buildSettings = {
				ALWAYS_EMBED_SWIFT_STANDARD_LIBRARIES = YES;
				ASSETCATALOG_COMPILER_APPICON_NAME = AppIcon;
				CODE_SIGN_ENTITLEMENTS = Tweetometer/Tweetometer.entitlements;
				CODE_SIGN_IDENTITY = "iPhone Developer";
				DEBUG_INFORMATION_FORMAT = "dwarf-with-dsym";
				FRAMEWORK_SEARCH_PATHS = (
					"$(inherited)",
					"$(PROJECT_DIR)/Tweetometer",
					"$(PROJECT_DIR)/Carthage/Build/iOS",
				);
				HEADER_SEARCH_PATHS = (
					"$(PROJECT_DIR)/Carthage/Build/iOS",
					"$(PROJECT_DIR)/Tweetometer",
				);
				INFOPLIST_FILE = Tweetometer/Info.plist;
				IPHONEOS_DEPLOYMENT_TARGET = 11.0;
				LD_RUNPATH_SEARCH_PATHS = "$(inherited) @executable_path/Frameworks";
				OTHER_LDFLAGS = (
					"-ObjC",
					"-l\"c++\"",
					"-l\"z\"",
					"-framework",
					"\"AVFoundation\"",
					"-framework",
					"\"Accounts\"",
					"-framework",
					"\"CoreData\"",
					"-framework",
					"\"CoreGraphics\"",
					"-framework",
					"\"CoreMedia\"",
					"-framework",
					"\"CoreText\"",
					"-framework",
					"\"Foundation\"",
					"-framework",
					"\"QuartzCore\"",
					"-framework",
					"\"SafariServices\"",
					"-framework",
					"\"Security\"",
					"-framework",
					"\"Social\"",
					"-framework",
					"\"SystemConfiguration\"",
					"-framework",
					"\"UIKit\"",
					"-framework",
					"\"ValueStepper\"",
					"$(inherited)",
				);
				OTHER_SWIFT_FLAGS = " \"-D\" \"COCOAPODS\" \"-D\" \"COCOAPODS\" -Xfrontend -debug-time-function-bodies ";
				PRODUCT_BUNDLE_IDENTIFIER = com.patrickbalestra.tweetometer;
				PRODUCT_NAME = "$(TARGET_NAME)";
				SWIFT_OPTIMIZATION_LEVEL = "-Onone";
				SWIFT_VERSION = 4.2;
			};
			name = Debug;
		};
		AE277E141BD4E6DB004E151C /* Release */ = {
			isa = XCBuildConfiguration;
			baseConfigurationReference = AEFBF1B82121BA9C00415886 /* Tweetometer.release.xcconfig */;
			buildSettings = {
				ALWAYS_EMBED_SWIFT_STANDARD_LIBRARIES = YES;
				ASSETCATALOG_COMPILER_APPICON_NAME = AppIcon;
				CODE_SIGN_ENTITLEMENTS = Tweetometer/Tweetometer.entitlements;
				CODE_SIGN_IDENTITY = "iPhone Developer";
				FRAMEWORK_SEARCH_PATHS = (
					"$(inherited)",
					"$(PROJECT_DIR)/Tweetometer",
					"$(PROJECT_DIR)/Carthage/Build/iOS",
				);
				HEADER_SEARCH_PATHS = (
					"$(PROJECT_DIR)/Carthage/Build/iOS",
					"$(PROJECT_DIR)/Tweetometer",
				);
				INFOPLIST_FILE = Tweetometer/Info.plist;
				IPHONEOS_DEPLOYMENT_TARGET = 11.0;
				LD_RUNPATH_SEARCH_PATHS = "$(inherited) @executable_path/Frameworks";
				OTHER_LDFLAGS = (
					"-ObjC",
					"-l\"c++\"",
					"-l\"z\"",
					"-framework",
					"\"AVFoundation\"",
					"-framework",
					"\"Accounts\"",
					"-framework",
					"\"CoreData\"",
					"-framework",
					"\"CoreGraphics\"",
					"-framework",
					"\"CoreMedia\"",
					"-framework",
					"\"CoreText\"",
					"-framework",
					"\"Foundation\"",
					"-framework",
					"\"QuartzCore\"",
					"-framework",
					"\"SafariServices\"",
					"-framework",
					"\"Security\"",
					"-framework",
					"\"Social\"",
					"-framework",
					"\"SystemConfiguration\"",
					"-framework",
					"\"UIKit\"",
					"-framework",
					"\"ValueStepper\"",
					"$(inherited)",
				);
				OTHER_SWIFT_FLAGS = "$(inherited) \"-D\" \"COCOAPODS\" -Xfrontend -debug-time-function-bodies";
				PRODUCT_BUNDLE_IDENTIFIER = com.patrickbalestra.tweetometer;
				PRODUCT_NAME = "$(TARGET_NAME)";
				SWIFT_OPTIMIZATION_LEVEL = "-Onone";
				SWIFT_VERSION = 4.2;
			};
			name = Release;
		};
		AE277E161BD4E6DB004E151C /* Debug */ = {
			isa = XCBuildConfiguration;
			baseConfigurationReference = 75F038E2C13CA91C53D92F12 /* Pods-TweetometerTests.debug.xcconfig */;
			buildSettings = {
				BUNDLE_LOADER = "$(TEST_HOST)";
				FRAMEWORK_SEARCH_PATHS = "$(inherited)";
				INFOPLIST_FILE = TweetometerTests/Info.plist;
				LD_RUNPATH_SEARCH_PATHS = "$(inherited) @executable_path/Frameworks";
				PRODUCT_BUNDLE_IDENTIFIER = com.patrickbalestra.TweetometerTests;
				PRODUCT_NAME = "$(TARGET_NAME)";
				SWIFT_OPTIMIZATION_LEVEL = "-O";
				SWIFT_VERSION = 4.2;
				TEST_HOST = "$(BUILT_PRODUCTS_DIR)/Tweetometer.app/Tweetometer";
			};
			name = Debug;
		};
		AE277E171BD4E6DB004E151C /* Release */ = {
			isa = XCBuildConfiguration;
			baseConfigurationReference = 13522A5358387809B6C17E1E /* Pods-TweetometerTests.release.xcconfig */;
			buildSettings = {
				BUNDLE_LOADER = "$(TEST_HOST)";
				FRAMEWORK_SEARCH_PATHS = "$(inherited)";
				INFOPLIST_FILE = TweetometerTests/Info.plist;
				LD_RUNPATH_SEARCH_PATHS = "$(inherited) @executable_path/Frameworks";
				PRODUCT_BUNDLE_IDENTIFIER = com.patrickbalestra.TweetometerTests;
				PRODUCT_NAME = "$(TARGET_NAME)";
				SWIFT_VERSION = 4.2;
				TEST_HOST = "$(BUILT_PRODUCTS_DIR)/Tweetometer.app/Tweetometer";
			};
			name = Release;
		};
		AE45DC451E0FFDAC00CD2190 /* Debug */ = {
			isa = XCBuildConfiguration;
			baseConfigurationReference = 689D3D351D2FEB9576BEF171 /* Pods-TweetometerKit.debug.xcconfig */;
			buildSettings = {
				CLANG_ANALYZER_NONNULL = YES;
				CLANG_WARN_DOCUMENTATION_COMMENTS = YES;
				CODE_SIGN_IDENTITY = "iPhone Developer";
				"CODE_SIGN_IDENTITY[sdk=iphoneos*]" = "";
				CODE_SIGN_STYLE = Automatic;
				CURRENT_PROJECT_VERSION = 9;
				DEFINES_MODULE = YES;
				DEVELOPMENT_TEAM = 2EZDW5DVTJ;
				DYLIB_COMPATIBILITY_VERSION = 1;
				DYLIB_CURRENT_VERSION = 9;
				DYLIB_INSTALL_NAME_BASE = "@rpath";
				FRAMEWORK_SEARCH_PATHS = "$(inherited)";
				HEADER_SEARCH_PATHS = "$(inherited)";
				INFOPLIST_FILE = TweetometerKit/Info.plist;
				INSTALL_PATH = "$(LOCAL_LIBRARY_DIR)/Frameworks";
				IPHONEOS_DEPLOYMENT_TARGET = 11.0;
				LD_RUNPATH_SEARCH_PATHS = "$(inherited) @executable_path/Frameworks @loader_path/Frameworks";
				OTHER_SWIFT_FLAGS = " \"-D\" \"COCOAPODS\" \"-D\" \"COCOAPODS\" ";
				PRODUCT_BUNDLE_IDENTIFIER = com.patrickbalestra.TweetometerKit;
				PRODUCT_NAME = "$(TARGET_NAME)";
				PROVISIONING_PROFILE_SPECIFIER = "";
				SKIP_INSTALL = YES;
				SWIFT_ACTIVE_COMPILATION_CONDITIONS = DEBUG;
				SWIFT_OPTIMIZATION_LEVEL = "-Onone";
				SWIFT_VERSION = 4.2;
				TARGETED_DEVICE_FAMILY = "1,2";
				VERSIONING_SYSTEM = "apple-generic";
				VERSION_INFO_PREFIX = "";
			};
			name = Debug;
		};
		AE45DC461E0FFDAC00CD2190 /* Release */ = {
			isa = XCBuildConfiguration;
			baseConfigurationReference = F90D447DEC4AAF22A8A461AA /* Pods-TweetometerKit.release.xcconfig */;
			buildSettings = {
				CLANG_ANALYZER_NONNULL = YES;
				CLANG_WARN_DOCUMENTATION_COMMENTS = YES;
				CODE_SIGN_IDENTITY = "iPhone Developer";
				"CODE_SIGN_IDENTITY[sdk=iphoneos*]" = "";
				CODE_SIGN_STYLE = Automatic;
				CURRENT_PROJECT_VERSION = 9;
				DEFINES_MODULE = YES;
				DEVELOPMENT_TEAM = 2EZDW5DVTJ;
				DYLIB_COMPATIBILITY_VERSION = 1;
				DYLIB_CURRENT_VERSION = 9;
				DYLIB_INSTALL_NAME_BASE = "@rpath";
				FRAMEWORK_SEARCH_PATHS = "$(inherited)";
				HEADER_SEARCH_PATHS = "$(inherited)";
				INFOPLIST_FILE = TweetometerKit/Info.plist;
				INSTALL_PATH = "$(LOCAL_LIBRARY_DIR)/Frameworks";
				IPHONEOS_DEPLOYMENT_TARGET = 11.0;
				LD_RUNPATH_SEARCH_PATHS = "$(inherited) @executable_path/Frameworks @loader_path/Frameworks";
				OTHER_SWIFT_FLAGS = "$(inherited) \"-D\" \"COCOAPODS\" -Onone";
				PRODUCT_BUNDLE_IDENTIFIER = com.patrickbalestra.TweetometerKit;
				PRODUCT_NAME = "$(TARGET_NAME)";
				PROVISIONING_PROFILE_SPECIFIER = "";
				SKIP_INSTALL = YES;
				SWIFT_OPTIMIZATION_LEVEL = "-Onone";
				SWIFT_VERSION = 4.2;
				TARGETED_DEVICE_FAMILY = "1,2";
				VERSIONING_SYSTEM = "apple-generic";
				VERSION_INFO_PREFIX = "";
			};
			name = Release;
		};
/* End XCBuildConfiguration section */

/* Begin XCConfigurationList section */
		AE277DE51BD4E6DB004E151C /* Build configuration list for PBXProject "Tweetometer" */ = {
			isa = XCConfigurationList;
			buildConfigurations = (
				AE277E101BD4E6DB004E151C /* Debug */,
				AE277E111BD4E6DB004E151C /* Release */,
			);
			defaultConfigurationIsVisible = 0;
			defaultConfigurationName = Release;
		};
		AE277E121BD4E6DB004E151C /* Build configuration list for PBXNativeTarget "Tweetometer" */ = {
			isa = XCConfigurationList;
			buildConfigurations = (
				AE277E131BD4E6DB004E151C /* Debug */,
				AE277E141BD4E6DB004E151C /* Release */,
			);
			defaultConfigurationIsVisible = 0;
			defaultConfigurationName = Release;
		};
		AE277E151BD4E6DB004E151C /* Build configuration list for PBXNativeTarget "TweetometerTests" */ = {
			isa = XCConfigurationList;
			buildConfigurations = (
				AE277E161BD4E6DB004E151C /* Debug */,
				AE277E171BD4E6DB004E151C /* Release */,
			);
			defaultConfigurationIsVisible = 0;
			defaultConfigurationName = Release;
		};
		AE45DC441E0FFDAC00CD2190 /* Build configuration list for PBXNativeTarget "TweetometerKit" */ = {
			isa = XCConfigurationList;
			buildConfigurations = (
				AE45DC451E0FFDAC00CD2190 /* Debug */,
				AE45DC461E0FFDAC00CD2190 /* Release */,
			);
			defaultConfigurationIsVisible = 0;
			defaultConfigurationName = Release;
		};
/* End XCConfigurationList section */
	};
	rootObject = AE277DE21BD4E6DB004E151C /* Project object */;
}
