// !$*UTF8*$!
{
	archiveVersion = 1;
	classes = {
	};
	objectVersion = 46;
	objects = {

/* Begin PBXBuildFile section */
		6C08DD7FAC987D5764FAF58F /* Pods_TweetsCounterTests.framework in Frameworks */ = {isa = PBXBuildFile; fileRef = EC5890ECC3D4BEB0CA8F5752 /* Pods_TweetsCounterTests.framework */; };
		7AEFD12F657047C2B18E31C7 /* Pods_TweetsCounter.framework in Frameworks */ = {isa = PBXBuildFile; fileRef = 8AEFE6C9C9FE0D9D5AB2D24D /* Pods_TweetsCounter.framework */; };
		AE04479A1DF3040700FEE093 /* NSAttributedString+User.swift in Sources */ = {isa = PBXBuildFile; fileRef = AE0447991DF3040700FEE093 /* NSAttributedString+User.swift */; };
		AE055BA21DF03CE600442A2E /* LoginCoordinator.swift in Sources */ = {isa = PBXBuildFile; fileRef = AE055BA11DF03CE600442A2E /* LoginCoordinator.swift */; };
		AE067FFC1C650C09008C325B /* TimelineParserTests.swift in Sources */ = {isa = PBXBuildFile; fileRef = AEF1F2121C64F10000591E46 /* TimelineParserTests.swift */; };
		AE07A0D61C5D4AD400514B1C /* UserTableViewCell.swift in Sources */ = {isa = PBXBuildFile; fileRef = AE07A0D51C5D4AD400514B1C /* UserTableViewCell.swift */; };
		AE0FA7C71C0DEBDE00EDB0A1 /* ProfilePictureButtonItem.swift in Sources */ = {isa = PBXBuildFile; fileRef = AE0FA7C61C0DEBDE00EDB0A1 /* ProfilePictureButtonItem.swift */; };
		AE0FA7CD1C0EDC7E00EDB0A1 /* Customizations.swift in Sources */ = {isa = PBXBuildFile; fileRef = AE0FA7CC1C0EDC7E00EDB0A1 /* Customizations.swift */; };
		AE15F36C1C62A1BD00EE2F82 /* MenuPopOverViewController.swift in Sources */ = {isa = PBXBuildFile; fileRef = AE15F36B1C62A1BD00EE2F82 /* MenuPopOverViewController.swift */; };
		AE1FF7501C7927D7001C8F87 /* SettingsManager.swift in Sources */ = {isa = PBXBuildFile; fileRef = AE1FF74F1C7927D7001C8F87 /* SettingsManager.swift */; };
		AE247A751DF1C61300C87A29 /* Images.swift in Sources */ = {isa = PBXBuildFile; fileRef = AE247A741DF1C61300C87A29 /* Images.swift */; };
		AE277DEE1BD4E6DB004E151C /* AppDelegate.swift in Sources */ = {isa = PBXBuildFile; fileRef = AE277DED1BD4E6DB004E151C /* AppDelegate.swift */; };
		AE277DF01BD4E6DB004E151C /* HomeViewController.swift in Sources */ = {isa = PBXBuildFile; fileRef = AE277DEF1BD4E6DB004E151C /* HomeViewController.swift */; };
		AE277DF31BD4E6DB004E151C /* Main.storyboard in Resources */ = {isa = PBXBuildFile; fileRef = AE277DF11BD4E6DB004E151C /* Main.storyboard */; };
		AE277DF51BD4E6DB004E151C /* Assets.xcassets in Resources */ = {isa = PBXBuildFile; fileRef = AE277DF41BD4E6DB004E151C /* Assets.xcassets */; };
		AE277DF81BD4E6DB004E151C /* LaunchScreen.storyboard in Resources */ = {isa = PBXBuildFile; fileRef = AE277DF61BD4E6DB004E151C /* LaunchScreen.storyboard */; };
		AE277E031BD4E6DB004E151C /* TwitterRequestTests.swift in Sources */ = {isa = PBXBuildFile; fileRef = AE277E021BD4E6DB004E151C /* TwitterRequestTests.swift */; };
		AE292B3D1DFDF009002B91AD /* MenuCoordinator.swift in Sources */ = {isa = PBXBuildFile; fileRef = AE292B3C1DFDF009002B91AD /* MenuCoordinator.swift */; };
		AE292B3F1DFDF998002B91AD /* SettingsCoordinator.swift in Sources */ = {isa = PBXBuildFile; fileRef = AE292B3E1DFDF998002B91AD /* SettingsCoordinator.swift */; };
		AE2F0DC61C93751100F10122 /* AppCoordinator.swift in Sources */ = {isa = PBXBuildFile; fileRef = AE2F0DC51C93751100F10122 /* AppCoordinator.swift */; };
		AE35A2F41C52B4A4001E1D88 /* SettingsViewController.swift in Sources */ = {isa = PBXBuildFile; fileRef = AE35A2F31C52B4A4001E1D88 /* SettingsViewController.swift */; };
		AE35A2F61C52C146001E1D88 /* DismissFromSettingsSegue.swift in Sources */ = {isa = PBXBuildFile; fileRef = AE35A2F51C52C146001E1D88 /* DismissFromSettingsSegue.swift */; };
		AE3E81BE1BF8B40600A51804 /* LoginViewController.swift in Sources */ = {isa = PBXBuildFile; fileRef = AE3E81BD1BF8B40600A51804 /* LoginViewController.swift */; };
		AE5F0AE41C65056D00B0C157 /* timeline_tweets.json in Resources */ = {isa = PBXBuildFile; fileRef = AE5F0AE31C65056D00B0C157 /* timeline_tweets.json */; };
		AE5F87271DFED16100310C1C /* DataManager.swift in Sources */ = {isa = PBXBuildFile; fileRef = AE5F87261DFED16100310C1C /* DataManager.swift */; };
		AE5F87281DFED2F700310C1C /* DataManager.swift in Sources */ = {isa = PBXBuildFile; fileRef = AE5F87261DFED16100310C1C /* DataManager.swift */; };
		AE6352131C66178400799157 /* MenuOptionTableViewCell.swift in Sources */ = {isa = PBXBuildFile; fileRef = AE6352121C66178400799157 /* MenuOptionTableViewCell.swift */; };
		AE6352151C66226800799157 /* UserDetailViewController.swift in Sources */ = {isa = PBXBuildFile; fileRef = AE6352141C66226800799157 /* UserDetailViewController.swift */; };
		AE6675901C3C13D500DD47AB /* users_show.json in Resources */ = {isa = PBXBuildFile; fileRef = AE66758F1C3C13D500DD47AB /* users_show.json */; };
		AE9670071C945ADF00189697 /* HomeCoordinator.swift in Sources */ = {isa = PBXBuildFile; fileRef = AE9670061C945ADF00189697 /* HomeCoordinator.swift */; };
		AE96700A1C94604700189697 /* UserDetailCoordinator.swift in Sources */ = {isa = PBXBuildFile; fileRef = AE9670091C94604700189697 /* UserDetailCoordinator.swift */; };
		AEA2F4971C2806C700777304 /* Utils.swift in Sources */ = {isa = PBXBuildFile; fileRef = AEA2F4961C2806C700777304 /* Utils.swift */; };
		AEAFB1061C7A0E270030AB33 /* TweetTableViewCell.swift in Sources */ = {isa = PBXBuildFile; fileRef = AEAFB1051C7A0E270030AB33 /* TweetTableViewCell.swift */; };
		AEB280951C79FC0C009C64EE /* ViewControllerUtils.swift in Sources */ = {isa = PBXBuildFile; fileRef = AEB280941C79FC0C009C64EE /* ViewControllerUtils.swift */; };
		AEC42BF91C5AAFC60008444D /* TimelineParser.swift in Sources */ = {isa = PBXBuildFile; fileRef = AEC42BF81C5AAFC60008444D /* TimelineParser.swift */; };
		AEC5C1DE1C2C949A00C4F007 /* Tweet.swift in Sources */ = {isa = PBXBuildFile; fileRef = AEC5C1DD1C2C949A00C4F007 /* Tweet.swift */; };
		AEC5C1E01C2C992300C4F007 /* User.swift in Sources */ = {isa = PBXBuildFile; fileRef = AEC5C1DF1C2C992300C4F007 /* User.swift */; };
		AEC95CF21C81AED900811BAC /* LinkOpener.swift in Sources */ = {isa = PBXBuildFile; fileRef = AEC95CF11C81AED900811BAC /* LinkOpener.swift */; };
		AED0A1F61C5E01BA002D40A4 /* ApplicationStyle.swift in Sources */ = {isa = PBXBuildFile; fileRef = AED0A1F51C5E01BA002D40A4 /* ApplicationStyle.swift */; };
		AEDC61E91CD4D665005324C6 /* LinkOpenerTests.swift in Sources */ = {isa = PBXBuildFile; fileRef = AEDC61E81CD4D665005324C6 /* LinkOpenerTests.swift */; };
		AEE22BAB1CD72DF1003CA241 /* ProfilePictureImageView.swift in Sources */ = {isa = PBXBuildFile; fileRef = AEE22BAA1CD72DF1003CA241 /* ProfilePictureImageView.swift */; };
		AEE4D8081BF9BFD100C9CA08 /* Constants.swift in Sources */ = {isa = PBXBuildFile; fileRef = AEE4D8071BF9BFD100C9CA08 /* Constants.swift */; };
		AEE8C9AA1C0D97C50047A6A6 /* TwitterSession.swift in Sources */ = {isa = PBXBuildFile; fileRef = AEE8C9A91C0D97C50047A6A6 /* TwitterSession.swift */; };
		AEE8C9AD1C0DB2D40047A6A6 /* Storyboard.swift in Sources */ = {isa = PBXBuildFile; fileRef = AEE8C9AC1C0DB2D40047A6A6 /* Storyboard.swift */; };
		AEF1D6671C3B046B000AAEAC /* FabricSetUp.swift in Sources */ = {isa = PBXBuildFile; fileRef = AEF1D6661C3B046B000AAEAC /* FabricSetUp.swift */; };
		AEF1F20D1C64EB8900591E46 /* MenuOptionsDataSource.swift in Sources */ = {isa = PBXBuildFile; fileRef = AEF1F20C1C64EB8900591E46 /* MenuOptionsDataSource.swift */; };
		AEF1F20F1C64EE9B00591E46 /* MenuOptionsTests.swift in Sources */ = {isa = PBXBuildFile; fileRef = AEF1F20E1C64EE9B00591E46 /* MenuOptionsTests.swift */; };
		AEF598E71CD679B40055E88C /* UserDetailsTableViewCell.swift in Sources */ = {isa = PBXBuildFile; fileRef = AEF598E61CD679B40055E88C /* UserDetailsTableViewCell.swift */; };
/* End PBXBuildFile section */

/* Begin PBXContainerItemProxy section */
		AE277DFF1BD4E6DB004E151C /* PBXContainerItemProxy */ = {
			isa = PBXContainerItemProxy;
			containerPortal = AE277DE21BD4E6DB004E151C /* Project object */;
			proxyType = 1;
			remoteGlobalIDString = AE277DE91BD4E6DB004E151C;
			remoteInfo = TweetsCounter;
		};
/* End PBXContainerItemProxy section */

/* Begin PBXFileReference section */
		2A2535E2394449B71295CB81 /* Pods-TweetsCounterTests.release.xcconfig */ = {isa = PBXFileReference; includeInIndex = 1; lastKnownFileType = text.xcconfig; name = "Pods-TweetsCounterTests.release.xcconfig"; path = "Pods/Target Support Files/Pods-TweetsCounterTests/Pods-TweetsCounterTests.release.xcconfig"; sourceTree = "<group>"; };
		43CA954E008249C141231D6D /* Pods-TweetsCounterTests.debug.xcconfig */ = {isa = PBXFileReference; includeInIndex = 1; lastKnownFileType = text.xcconfig; name = "Pods-TweetsCounterTests.debug.xcconfig"; path = "Pods/Target Support Files/Pods-TweetsCounterTests/Pods-TweetsCounterTests.debug.xcconfig"; sourceTree = "<group>"; };
		5F64E6DB302CDF9C64FE1348 /* Pods-TweetsCounter.release.xcconfig */ = {isa = PBXFileReference; includeInIndex = 1; lastKnownFileType = text.xcconfig; name = "Pods-TweetsCounter.release.xcconfig"; path = "Pods/Target Support Files/Pods-TweetsCounter/Pods-TweetsCounter.release.xcconfig"; sourceTree = "<group>"; };
		8AEFE6C9C9FE0D9D5AB2D24D /* Pods_TweetsCounter.framework */ = {isa = PBXFileReference; explicitFileType = wrapper.framework; includeInIndex = 0; path = Pods_TweetsCounter.framework; sourceTree = BUILT_PRODUCTS_DIR; };
		AE0447991DF3040700FEE093 /* NSAttributedString+User.swift */ = {isa = PBXFileReference; fileEncoding = 4; lastKnownFileType = sourcecode.swift; path = "NSAttributedString+User.swift"; sourceTree = "<group>"; };
		AE055BA11DF03CE600442A2E /* LoginCoordinator.swift */ = {isa = PBXFileReference; fileEncoding = 4; lastKnownFileType = sourcecode.swift; path = LoginCoordinator.swift; sourceTree = "<group>"; };
		AE07A0D51C5D4AD400514B1C /* UserTableViewCell.swift */ = {isa = PBXFileReference; fileEncoding = 4; lastKnownFileType = sourcecode.swift; path = UserTableViewCell.swift; sourceTree = "<group>"; };
		AE0C38421BE58815003A858F /* Alamofire.framework */ = {isa = PBXFileReference; lastKnownFileType = wrapper.framework; name = Alamofire.framework; path = Carthage/Build/iOS/Alamofire.framework; sourceTree = "<group>"; };
		AE0C38481BE589B8003A858F /* RxSwift.framework */ = {isa = PBXFileReference; lastKnownFileType = wrapper.framework; name = RxSwift.framework; path = Carthage/Build/iOS/RxSwift.framework; sourceTree = "<group>"; };
		AE0FA7C61C0DEBDE00EDB0A1 /* ProfilePictureButtonItem.swift */ = {isa = PBXFileReference; fileEncoding = 4; lastKnownFileType = sourcecode.swift; path = ProfilePictureButtonItem.swift; sourceTree = "<group>"; };
		AE0FA7CC1C0EDC7E00EDB0A1 /* Customizations.swift */ = {isa = PBXFileReference; fileEncoding = 4; lastKnownFileType = sourcecode.swift; path = Customizations.swift; sourceTree = "<group>"; };
		AE15F36B1C62A1BD00EE2F82 /* MenuPopOverViewController.swift */ = {isa = PBXFileReference; fileEncoding = 4; lastKnownFileType = sourcecode.swift; path = MenuPopOverViewController.swift; sourceTree = "<group>"; };
		AE1FF74F1C7927D7001C8F87 /* SettingsManager.swift */ = {isa = PBXFileReference; fileEncoding = 4; lastKnownFileType = sourcecode.swift; path = SettingsManager.swift; sourceTree = "<group>"; };
		AE247A741DF1C61300C87A29 /* Images.swift */ = {isa = PBXFileReference; fileEncoding = 4; lastKnownFileType = sourcecode.swift; path = Images.swift; sourceTree = "<group>"; };
		AE26EDEF1BEE1293000E9829 /* RxAlamofire.framework */ = {isa = PBXFileReference; lastKnownFileType = wrapper.framework; name = RxAlamofire.framework; path = "Pods/../build/Debug-iphoneos/RxAlamofire.framework"; sourceTree = "<group>"; };
		AE277DEA1BD4E6DB004E151C /* TweetsCounter.app */ = {isa = PBXFileReference; explicitFileType = wrapper.application; includeInIndex = 0; path = TweetsCounter.app; sourceTree = BUILT_PRODUCTS_DIR; };
		AE277DED1BD4E6DB004E151C /* AppDelegate.swift */ = {isa = PBXFileReference; lastKnownFileType = sourcecode.swift; path = AppDelegate.swift; sourceTree = "<group>"; };
		AE277DEF1BD4E6DB004E151C /* HomeViewController.swift */ = {isa = PBXFileReference; lastKnownFileType = sourcecode.swift; path = HomeViewController.swift; sourceTree = "<group>"; };
		AE277DF21BD4E6DB004E151C /* Base */ = {isa = PBXFileReference; lastKnownFileType = file.storyboard; name = Base; path = Base.lproj/Main.storyboard; sourceTree = "<group>"; };
		AE277DF41BD4E6DB004E151C /* Assets.xcassets */ = {isa = PBXFileReference; lastKnownFileType = folder.assetcatalog; path = Assets.xcassets; sourceTree = "<group>"; };
		AE277DF71BD4E6DB004E151C /* Base */ = {isa = PBXFileReference; lastKnownFileType = file.storyboard; name = Base; path = Base.lproj/LaunchScreen.storyboard; sourceTree = "<group>"; };
		AE277DF91BD4E6DB004E151C /* Info.plist */ = {isa = PBXFileReference; lastKnownFileType = text.plist.xml; path = Info.plist; sourceTree = "<group>"; };
		AE277DFE1BD4E6DB004E151C /* TweetsCounterTests.xctest */ = {isa = PBXFileReference; explicitFileType = wrapper.cfbundle; includeInIndex = 0; path = TweetsCounterTests.xctest; sourceTree = BUILT_PRODUCTS_DIR; };
		AE277E021BD4E6DB004E151C /* TwitterRequestTests.swift */ = {isa = PBXFileReference; lastKnownFileType = sourcecode.swift; path = TwitterRequestTests.swift; sourceTree = "<group>"; };
		AE277E041BD4E6DB004E151C /* Info.plist */ = {isa = PBXFileReference; lastKnownFileType = text.plist.xml; path = Info.plist; sourceTree = "<group>"; };
		AE292B3C1DFDF009002B91AD /* MenuCoordinator.swift */ = {isa = PBXFileReference; fileEncoding = 4; lastKnownFileType = sourcecode.swift; path = MenuCoordinator.swift; sourceTree = "<group>"; };
		AE292B3E1DFDF998002B91AD /* SettingsCoordinator.swift */ = {isa = PBXFileReference; fileEncoding = 4; lastKnownFileType = sourcecode.swift; path = SettingsCoordinator.swift; sourceTree = "<group>"; };
		AE2F0DC51C93751100F10122 /* AppCoordinator.swift */ = {isa = PBXFileReference; fileEncoding = 4; lastKnownFileType = sourcecode.swift; path = AppCoordinator.swift; sourceTree = "<group>"; };
		AE35A2F31C52B4A4001E1D88 /* SettingsViewController.swift */ = {isa = PBXFileReference; fileEncoding = 4; lastKnownFileType = sourcecode.swift; path = SettingsViewController.swift; sourceTree = "<group>"; };
		AE35A2F51C52C146001E1D88 /* DismissFromSettingsSegue.swift */ = {isa = PBXFileReference; fileEncoding = 4; lastKnownFileType = sourcecode.swift; path = DismissFromSettingsSegue.swift; sourceTree = "<group>"; };
		AE3E81BD1BF8B40600A51804 /* LoginViewController.swift */ = {isa = PBXFileReference; fileEncoding = 4; lastKnownFileType = sourcecode.swift; path = LoginViewController.swift; sourceTree = "<group>"; };
		AE5F0AE31C65056D00B0C157 /* timeline_tweets.json */ = {isa = PBXFileReference; fileEncoding = 4; lastKnownFileType = text.json; path = timeline_tweets.json; sourceTree = "<group>"; };
		AE5F87261DFED16100310C1C /* DataManager.swift */ = {isa = PBXFileReference; fileEncoding = 4; lastKnownFileType = sourcecode.swift; path = DataManager.swift; sourceTree = "<group>"; };
		AE6352121C66178400799157 /* MenuOptionTableViewCell.swift */ = {isa = PBXFileReference; fileEncoding = 4; lastKnownFileType = sourcecode.swift; path = MenuOptionTableViewCell.swift; sourceTree = "<group>"; };
		AE6352141C66226800799157 /* UserDetailViewController.swift */ = {isa = PBXFileReference; fileEncoding = 4; lastKnownFileType = sourcecode.swift; path = UserDetailViewController.swift; sourceTree = "<group>"; };
		AE66758F1C3C13D500DD47AB /* users_show.json */ = {isa = PBXFileReference; fileEncoding = 4; lastKnownFileType = text.json; path = users_show.json; sourceTree = "<group>"; };
		AE791C2E1CD4E24D00F98F61 /* Pods.framework */ = {isa = PBXFileReference; lastKnownFileType = wrapper.framework; name = Pods.framework; path = "Pods/../build/Debug-iphoneos/Pods.framework"; sourceTree = "<group>"; };
		AE9670061C945ADF00189697 /* HomeCoordinator.swift */ = {isa = PBXFileReference; fileEncoding = 4; lastKnownFileType = sourcecode.swift; path = HomeCoordinator.swift; sourceTree = "<group>"; };
		AE9670091C94604700189697 /* UserDetailCoordinator.swift */ = {isa = PBXFileReference; fileEncoding = 4; lastKnownFileType = sourcecode.swift; path = UserDetailCoordinator.swift; sourceTree = "<group>"; };
		AEA2F4961C2806C700777304 /* Utils.swift */ = {isa = PBXFileReference; fileEncoding = 4; lastKnownFileType = sourcecode.swift; path = Utils.swift; sourceTree = "<group>"; };
		AEAFB1051C7A0E270030AB33 /* TweetTableViewCell.swift */ = {isa = PBXFileReference; fileEncoding = 4; lastKnownFileType = sourcecode.swift; path = TweetTableViewCell.swift; sourceTree = "<group>"; };
		AEB059731DE47E34002BBE79 /* TweetsCounter.entitlements */ = {isa = PBXFileReference; lastKnownFileType = text.plist.entitlements; path = TweetsCounter.entitlements; sourceTree = "<group>"; };
		AEB280941C79FC0C009C64EE /* ViewControllerUtils.swift */ = {isa = PBXFileReference; fileEncoding = 4; lastKnownFileType = sourcecode.swift; path = ViewControllerUtils.swift; sourceTree = "<group>"; };
		AEBDAE311BE5748C00D8E8C3 /* RxAlamofire.framework */ = {isa = PBXFileReference; lastKnownFileType = wrapper.framework; name = RxAlamofire.framework; path = "Pods/../build/Debug-iphoneos/RxAlamofire.framework"; sourceTree = "<group>"; };
		AEBDAE331BE576DF00D8E8C3 /* Alamofire.framework */ = {isa = PBXFileReference; lastKnownFileType = wrapper.framework; name = Alamofire.framework; path = "Pods/../build/Debug-iphoneos/Alamofire.framework"; sourceTree = "<group>"; };
		AEBDAE351BE576E300D8E8C3 /* RxAlamofire.framework */ = {isa = PBXFileReference; lastKnownFileType = wrapper.framework; name = RxAlamofire.framework; path = "Pods/../build/Debug-iphoneos/RxAlamofire.framework"; sourceTree = "<group>"; };
		AEBDAE371BE576E700D8E8C3 /* RxSwift.framework */ = {isa = PBXFileReference; lastKnownFileType = wrapper.framework; name = RxSwift.framework; path = "Pods/../build/Debug-iphoneos/RxSwift.framework"; sourceTree = "<group>"; };
		AEBDAE391BE57A7E00D8E8C3 /* Alamofire.framework */ = {isa = PBXFileReference; lastKnownFileType = wrapper.framework; name = Alamofire.framework; path = "Pods/../build/Debug-iphoneos/Alamofire.framework"; sourceTree = "<group>"; };
		AEBDAE3A1BE57A7E00D8E8C3 /* RxAlamofire.framework */ = {isa = PBXFileReference; lastKnownFileType = wrapper.framework; name = RxAlamofire.framework; path = "Pods/../build/Debug-iphoneos/RxAlamofire.framework"; sourceTree = "<group>"; };
		AEBDAE3B1BE57A7E00D8E8C3 /* RxSwift.framework */ = {isa = PBXFileReference; lastKnownFileType = wrapper.framework; name = RxSwift.framework; path = "Pods/../build/Debug-iphoneos/RxSwift.framework"; sourceTree = "<group>"; };
		AEC42BF81C5AAFC60008444D /* TimelineParser.swift */ = {isa = PBXFileReference; fileEncoding = 4; lastKnownFileType = sourcecode.swift; path = TimelineParser.swift; sourceTree = "<group>"; };
		AEC5C1DD1C2C949A00C4F007 /* Tweet.swift */ = {isa = PBXFileReference; fileEncoding = 4; lastKnownFileType = sourcecode.swift; path = Tweet.swift; sourceTree = "<group>"; };
		AEC5C1DF1C2C992300C4F007 /* User.swift */ = {isa = PBXFileReference; fileEncoding = 4; lastKnownFileType = sourcecode.swift; path = User.swift; sourceTree = "<group>"; };
		AEC95CF11C81AED900811BAC /* LinkOpener.swift */ = {isa = PBXFileReference; fileEncoding = 4; lastKnownFileType = sourcecode.swift; path = LinkOpener.swift; sourceTree = "<group>"; };
		AED0A1F51C5E01BA002D40A4 /* ApplicationStyle.swift */ = {isa = PBXFileReference; fileEncoding = 4; lastKnownFileType = sourcecode.swift; path = ApplicationStyle.swift; sourceTree = "<group>"; };
		AEDC61E81CD4D665005324C6 /* LinkOpenerTests.swift */ = {isa = PBXFileReference; fileEncoding = 4; lastKnownFileType = sourcecode.swift; path = LinkOpenerTests.swift; sourceTree = "<group>"; };
		AEE20A6A1BEE1AA900A029CF /* RxAlamofire.framework */ = {isa = PBXFileReference; lastKnownFileType = wrapper.framework; name = RxAlamofire.framework; path = "Pods/../build/Debug-iphoneos/RxAlamofire.framework"; sourceTree = "<group>"; };
		AEE20A6C1BEE1AAF00A029CF /* Pods.framework */ = {isa = PBXFileReference; lastKnownFileType = wrapper.framework; name = Pods.framework; path = "Pods/../build/Debug-iphoneos/Pods.framework"; sourceTree = "<group>"; };
		AEE22BAA1CD72DF1003CA241 /* ProfilePictureImageView.swift */ = {isa = PBXFileReference; fileEncoding = 4; lastKnownFileType = sourcecode.swift; path = ProfilePictureImageView.swift; sourceTree = "<group>"; };
		AEE4D8071BF9BFD100C9CA08 /* Constants.swift */ = {isa = PBXFileReference; fileEncoding = 4; lastKnownFileType = sourcecode.swift; path = Constants.swift; sourceTree = "<group>"; };
		AEE8C9A91C0D97C50047A6A6 /* TwitterSession.swift */ = {isa = PBXFileReference; fileEncoding = 4; lastKnownFileType = sourcecode.swift; path = TwitterSession.swift; sourceTree = "<group>"; };
		AEE8C9AC1C0DB2D40047A6A6 /* Storyboard.swift */ = {isa = PBXFileReference; fileEncoding = 4; lastKnownFileType = sourcecode.swift; path = Storyboard.swift; sourceTree = "<group>"; };
		AEF1D6661C3B046B000AAEAC /* FabricSetUp.swift */ = {isa = PBXFileReference; fileEncoding = 4; lastKnownFileType = sourcecode.swift; path = FabricSetUp.swift; sourceTree = "<group>"; };
		AEF1F20C1C64EB8900591E46 /* MenuOptionsDataSource.swift */ = {isa = PBXFileReference; fileEncoding = 4; lastKnownFileType = sourcecode.swift; path = MenuOptionsDataSource.swift; sourceTree = "<group>"; };
		AEF1F20E1C64EE9B00591E46 /* MenuOptionsTests.swift */ = {isa = PBXFileReference; fileEncoding = 4; lastKnownFileType = sourcecode.swift; path = MenuOptionsTests.swift; sourceTree = "<group>"; };
		AEF1F2121C64F10000591E46 /* TimelineParserTests.swift */ = {isa = PBXFileReference; fileEncoding = 4; lastKnownFileType = sourcecode.swift; path = TimelineParserTests.swift; sourceTree = "<group>"; };
		AEF598E61CD679B40055E88C /* UserDetailsTableViewCell.swift */ = {isa = PBXFileReference; fileEncoding = 4; lastKnownFileType = sourcecode.swift; path = UserDetailsTableViewCell.swift; sourceTree = "<group>"; };
		B560E69F32810C963EEC14D4 /* Pods.framework */ = {isa = PBXFileReference; explicitFileType = wrapper.framework; includeInIndex = 0; path = Pods.framework; sourceTree = BUILT_PRODUCTS_DIR; };
		B8D941EE5F74C95636A57DB0 /* Pods-TweetsCounter.debug.xcconfig */ = {isa = PBXFileReference; includeInIndex = 1; lastKnownFileType = text.xcconfig; name = "Pods-TweetsCounter.debug.xcconfig"; path = "Pods/Target Support Files/Pods-TweetsCounter/Pods-TweetsCounter.debug.xcconfig"; sourceTree = "<group>"; };
		EC5890ECC3D4BEB0CA8F5752 /* Pods_TweetsCounterTests.framework */ = {isa = PBXFileReference; explicitFileType = wrapper.framework; includeInIndex = 0; path = Pods_TweetsCounterTests.framework; sourceTree = BUILT_PRODUCTS_DIR; };
/* End PBXFileReference section */

/* Begin PBXFrameworksBuildPhase section */
		AE277DE71BD4E6DB004E151C /* Frameworks */ = {
			isa = PBXFrameworksBuildPhase;
			buildActionMask = 2147483647;
			files = (
				7AEFD12F657047C2B18E31C7 /* Pods_TweetsCounter.framework in Frameworks */,
			);
			runOnlyForDeploymentPostprocessing = 0;
		};
		AE277DFB1BD4E6DB004E151C /* Frameworks */ = {
			isa = PBXFrameworksBuildPhase;
			buildActionMask = 2147483647;
			files = (
				6C08DD7FAC987D5764FAF58F /* Pods_TweetsCounterTests.framework in Frameworks */,
			);
			runOnlyForDeploymentPostprocessing = 0;
		};
/* End PBXFrameworksBuildPhase section */

/* Begin PBXGroup section */
		75DDA918902E9559544BBC6E /* Frameworks */ = {
			isa = PBXGroup;
			children = (
				AE791C2E1CD4E24D00F98F61 /* Pods.framework */,
				AEE20A6C1BEE1AAF00A029CF /* Pods.framework */,
				AEE20A6A1BEE1AA900A029CF /* RxAlamofire.framework */,
				AE26EDEF1BEE1293000E9829 /* RxAlamofire.framework */,
				AE0C38481BE589B8003A858F /* RxSwift.framework */,
				AE0C38421BE58815003A858F /* Alamofire.framework */,
				AEBDAE391BE57A7E00D8E8C3 /* Alamofire.framework */,
				AEBDAE3A1BE57A7E00D8E8C3 /* RxAlamofire.framework */,
				AEBDAE3B1BE57A7E00D8E8C3 /* RxSwift.framework */,
				AEBDAE371BE576E700D8E8C3 /* RxSwift.framework */,
				AEBDAE351BE576E300D8E8C3 /* RxAlamofire.framework */,
				AEBDAE331BE576DF00D8E8C3 /* Alamofire.framework */,
				AEBDAE311BE5748C00D8E8C3 /* RxAlamofire.framework */,
				B560E69F32810C963EEC14D4 /* Pods.framework */,
				8AEFE6C9C9FE0D9D5AB2D24D /* Pods_TweetsCounter.framework */,
				EC5890ECC3D4BEB0CA8F5752 /* Pods_TweetsCounterTests.framework */,
			);
			name = Frameworks;
			sourceTree = "<group>";
		};
		7ABDA2B25680EE596A9F2D26 /* Pods */ = {
			isa = PBXGroup;
			children = (
				B8D941EE5F74C95636A57DB0 /* Pods-TweetsCounter.debug.xcconfig */,
				5F64E6DB302CDF9C64FE1348 /* Pods-TweetsCounter.release.xcconfig */,
				43CA954E008249C141231D6D /* Pods-TweetsCounterTests.debug.xcconfig */,
				2A2535E2394449B71295CB81 /* Pods-TweetsCounterTests.release.xcconfig */,
			);
			name = Pods;
			sourceTree = "<group>";
		};
		AE07A0D81C5D4AF900514B1C /* View Controller */ = {
			isa = PBXGroup;
			children = (
				AE277DEF1BD4E6DB004E151C /* HomeViewController.swift */,
				AE6352141C66226800799157 /* UserDetailViewController.swift */,
				AE35A2F31C52B4A4001E1D88 /* SettingsViewController.swift */,
				AE15F36B1C62A1BD00EE2F82 /* MenuPopOverViewController.swift */,
				AE3E81BD1BF8B40600A51804 /* LoginViewController.swift */,
			);
			name = "View Controller";
			sourceTree = "<group>";
		};
		AE0FA7CE1C0EE6F900EDB0A1 /* Extensions */ = {
			isa = PBXGroup;
			children = (
				AE0FA7CC1C0EDC7E00EDB0A1 /* Customizations.swift */,
				AED0A1F51C5E01BA002D40A4 /* ApplicationStyle.swift */,
				AEB280941C79FC0C009C64EE /* ViewControllerUtils.swift */,
				AE0447991DF3040700FEE093 /* NSAttributedString+User.swift */,
			);
			name = Extensions;
			sourceTree = "<group>";
		};
		AE0FA7CF1C0EE71100EDB0A1 /* Utils */ = {
			isa = PBXGroup;
			children = (
				AEC95CF11C81AED900811BAC /* LinkOpener.swift */,
				AEF1D6661C3B046B000AAEAC /* FabricSetUp.swift */,
				AEE4D8071BF9BFD100C9CA08 /* Constants.swift */,
				AEE8C9AC1C0DB2D40047A6A6 /* Storyboard.swift */,
				AE35A2F51C52C146001E1D88 /* DismissFromSettingsSegue.swift */,
				AE247A741DF1C61300C87A29 /* Images.swift */,
			);
			name = Utils;
			sourceTree = "<group>";
		};
		AE0FA7D01C0EE71D00EDB0A1 /* Storyboards */ = {
			isa = PBXGroup;
			children = (
				AE277DF11BD4E6DB004E151C /* Main.storyboard */,
				AE277DF61BD4E6DB004E151C /* LaunchScreen.storyboard */,
			);
			name = Storyboards;
			sourceTree = "<group>";
		};
		AE0FA7D11C0EE78100EDB0A1 /* Views */ = {
			isa = PBXGroup;
			children = (
				AE07A0D51C5D4AD400514B1C /* UserTableViewCell.swift */,
				AEAFB1051C7A0E270030AB33 /* TweetTableViewCell.swift */,
				AEF598E61CD679B40055E88C /* UserDetailsTableViewCell.swift */,
				AE0FA7C61C0DEBDE00EDB0A1 /* ProfilePictureButtonItem.swift */,
				AE6352121C66178400799157 /* MenuOptionTableViewCell.swift */,
				AEE22BAA1CD72DF1003CA241 /* ProfilePictureImageView.swift */,
			);
			name = Views;
			sourceTree = "<group>";
		};
		AE277DE11BD4E6DB004E151C = {
			isa = PBXGroup;
			children = (
				AE277DEC1BD4E6DB004E151C /* TweetsCounter */,
				AE277E011BD4E6DB004E151C /* TweetsCounterTests */,
				AE277DEB1BD4E6DB004E151C /* Products */,
				75DDA918902E9559544BBC6E /* Frameworks */,
				7ABDA2B25680EE596A9F2D26 /* Pods */,
			);
			sourceTree = "<group>";
		};
		AE277DEB1BD4E6DB004E151C /* Products */ = {
			isa = PBXGroup;
			children = (
				AE277DEA1BD4E6DB004E151C /* TweetsCounter.app */,
				AE277DFE1BD4E6DB004E151C /* TweetsCounterTests.xctest */,
			);
			name = Products;
			sourceTree = "<group>";
		};
		AE277DEC1BD4E6DB004E151C /* TweetsCounter */ = {
			isa = PBXGroup;
			children = (
				AEB059731DE47E34002BBE79 /* TweetsCounter.entitlements */,
				AE277DED1BD4E6DB004E151C /* AppDelegate.swift */,
				AE07A0D81C5D4AF900514B1C /* View Controller */,
				AEC5C1E11C2C992900C4F007 /* Model */,
				AEE8C9AB1C0DAAB60047A6A6 /* Network */,
				AE9670081C945AE700189697 /* Coordinators */,
				AE0FA7D11C0EE78100EDB0A1 /* Views */,
				AE0FA7CE1C0EE6F900EDB0A1 /* Extensions */,
				AE0FA7CF1C0EE71100EDB0A1 /* Utils */,
				AE0FA7D01C0EE71D00EDB0A1 /* Storyboards */,
				AE277DF41BD4E6DB004E151C /* Assets.xcassets */,
				AE277DF91BD4E6DB004E151C /* Info.plist */,
			);
			path = TweetsCounter;
			sourceTree = "<group>";
		};
		AE277E011BD4E6DB004E151C /* TweetsCounterTests */ = {
			isa = PBXGroup;
			children = (
				AEF1F2121C64F10000591E46 /* TimelineParserTests.swift */,
				AEF1F20E1C64EE9B00591E46 /* MenuOptionsTests.swift */,
				AE277E021BD4E6DB004E151C /* TwitterRequestTests.swift */,
				AEDC61E81CD4D665005324C6 /* LinkOpenerTests.swift */,
				AEA2F4981C28088E00777304 /* Helpers */,
				AE6675911C3C13DB00DD47AB /* JSON */,
				AE277E041BD4E6DB004E151C /* Info.plist */,
			);
			path = TweetsCounterTests;
			sourceTree = "<group>";
		};
		AE6675911C3C13DB00DD47AB /* JSON */ = {
			isa = PBXGroup;
			children = (
				AE5F0AE31C65056D00B0C157 /* timeline_tweets.json */,
				AE66758F1C3C13D500DD47AB /* users_show.json */,
			);
			name = JSON;
			sourceTree = "<group>";
		};
		AE9670081C945AE700189697 /* Coordinators */ = {
			isa = PBXGroup;
			children = (
				AE2F0DC51C93751100F10122 /* AppCoordinator.swift */,
				AE9670061C945ADF00189697 /* HomeCoordinator.swift */,
				AE292B3C1DFDF009002B91AD /* MenuCoordinator.swift */,
				AE9670091C94604700189697 /* UserDetailCoordinator.swift */,
				AE055BA11DF03CE600442A2E /* LoginCoordinator.swift */,
				AE292B3E1DFDF998002B91AD /* SettingsCoordinator.swift */,
			);
			name = Coordinators;
			sourceTree = "<group>";
		};
		AEA2F4981C28088E00777304 /* Helpers */ = {
			isa = PBXGroup;
			children = (
				AEA2F4961C2806C700777304 /* Utils.swift */,
			);
			name = Helpers;
			sourceTree = "<group>";
		};
		AEC5C1E11C2C992900C4F007 /* Model */ = {
			isa = PBXGroup;
			children = (
				AE1FF74F1C7927D7001C8F87 /* SettingsManager.swift */,
				AEF1F20C1C64EB8900591E46 /* MenuOptionsDataSource.swift */,
				AEC42BF81C5AAFC60008444D /* TimelineParser.swift */,
				AEC5C1DD1C2C949A00C4F007 /* Tweet.swift */,
				AEC5C1DF1C2C992300C4F007 /* User.swift */,
				AE5F87261DFED16100310C1C /* DataManager.swift */,
			);
			name = Model;
			sourceTree = "<group>";
		};
		AEE8C9AB1C0DAAB60047A6A6 /* Network */ = {
			isa = PBXGroup;
			children = (
				AEE8C9A91C0D97C50047A6A6 /* TwitterSession.swift */,
			);
			name = Network;
			sourceTree = "<group>";
		};
/* End PBXGroup section */

/* Begin PBXNativeTarget section */
		AE277DE91BD4E6DB004E151C /* TweetsCounter */ = {
			isa = PBXNativeTarget;
			buildConfigurationList = AE277E121BD4E6DB004E151C /* Build configuration list for PBXNativeTarget "TweetsCounter" */;
			buildPhases = (
				CDF04717DA4F447E275EE381 /* [CP] Check Pods Manifest.lock */,
				AE277DE61BD4E6DB004E151C /* Sources */,
				AE277DE71BD4E6DB004E151C /* Frameworks */,
				AE277DE81BD4E6DB004E151C /* Resources */,
				AE67B86E1C50C24400BFB697 /* ShellScript */,
				D19298D65EFF52C859A10147 /* [CP] Embed Pods Frameworks */,
				BC1E5D56FC721F9EB1EC30B8 /* [CP] Copy Pods Resources */,
			);
			buildRules = (
			);
			dependencies = (
			);
			name = TweetsCounter;
			productName = TweetsCounter;
			productReference = AE277DEA1BD4E6DB004E151C /* TweetsCounter.app */;
			productType = "com.apple.product-type.application";
		};
		AE277DFD1BD4E6DB004E151C /* TweetsCounterTests */ = {
			isa = PBXNativeTarget;
			buildConfigurationList = AE277E151BD4E6DB004E151C /* Build configuration list for PBXNativeTarget "TweetsCounterTests" */;
			buildPhases = (
				39E2401BE787ADEBD41FF26A /* [CP] Check Pods Manifest.lock */,
				AE277DFA1BD4E6DB004E151C /* Sources */,
				AE277DFB1BD4E6DB004E151C /* Frameworks */,
				AE277DFC1BD4E6DB004E151C /* Resources */,
				AECBF0CA97B84EF883AF8071 /* [CP] Embed Pods Frameworks */,
				909B90ACB19ACD3468535DAE /* [CP] Copy Pods Resources */,
			);
			buildRules = (
			);
			dependencies = (
				AE277E001BD4E6DB004E151C /* PBXTargetDependency */,
			);
			name = TweetsCounterTests;
			productName = TweetsCounterTests;
			productReference = AE277DFE1BD4E6DB004E151C /* TweetsCounterTests.xctest */;
			productType = "com.apple.product-type.bundle.unit-test";
		};
/* End PBXNativeTarget section */

/* Begin PBXProject section */
		AE277DE21BD4E6DB004E151C /* Project object */ = {
			isa = PBXProject;
			attributes = {
				LastSwiftUpdateCheck = 0710;
				LastUpgradeCheck = 0820;
				ORGANIZATIONNAME = "Patrick Balestra";
				TargetAttributes = {
					AE277DE91BD4E6DB004E151C = {
						CreatedOnToolsVersion = 7.0.1;
						DevelopmentTeam = 2EZDW5DVTJ;
						LastSwiftMigration = 0810;
						SystemCapabilities = {
							com.apple.Keychain = {
								enabled = 1;
							};
						};
					};
					AE277DFD1BD4E6DB004E151C = {
						CreatedOnToolsVersion = 7.0.1;
						LastSwiftMigration = 0810;
						TestTargetID = AE277DE91BD4E6DB004E151C;
					};
				};
			};
			buildConfigurationList = AE277DE51BD4E6DB004E151C /* Build configuration list for PBXProject "TweetsCounter" */;
			compatibilityVersion = "Xcode 3.2";
			developmentRegion = English;
			hasScannedForEncodings = 0;
			knownRegions = (
				en,
				Base,
			);
			mainGroup = AE277DE11BD4E6DB004E151C;
			productRefGroup = AE277DEB1BD4E6DB004E151C /* Products */;
			projectDirPath = "";
			projectRoot = "";
			targets = (
				AE277DE91BD4E6DB004E151C /* TweetsCounter */,
				AE277DFD1BD4E6DB004E151C /* TweetsCounterTests */,
			);
		};
/* End PBXProject section */

/* Begin PBXResourcesBuildPhase section */
		AE277DE81BD4E6DB004E151C /* Resources */ = {
			isa = PBXResourcesBuildPhase;
			buildActionMask = 2147483647;
			files = (
				AE277DF81BD4E6DB004E151C /* LaunchScreen.storyboard in Resources */,
				AE277DF51BD4E6DB004E151C /* Assets.xcassets in Resources */,
				AE277DF31BD4E6DB004E151C /* Main.storyboard in Resources */,
			);
			runOnlyForDeploymentPostprocessing = 0;
		};
		AE277DFC1BD4E6DB004E151C /* Resources */ = {
			isa = PBXResourcesBuildPhase;
			buildActionMask = 2147483647;
			files = (
				AE5F0AE41C65056D00B0C157 /* timeline_tweets.json in Resources */,
				AE6675901C3C13D500DD47AB /* users_show.json in Resources */,
			);
			runOnlyForDeploymentPostprocessing = 0;
		};
/* End PBXResourcesBuildPhase section */

/* Begin PBXShellScriptBuildPhase section */
		39E2401BE787ADEBD41FF26A /* [CP] Check Pods Manifest.lock */ = {
			isa = PBXShellScriptBuildPhase;
			buildActionMask = 2147483647;
			files = (
			);
			inputPaths = (
			);
			name = "[CP] Check Pods Manifest.lock";
			outputPaths = (
			);
			runOnlyForDeploymentPostprocessing = 0;
			shellPath = /bin/sh;
			shellScript = "diff \"${PODS_ROOT}/../Podfile.lock\" \"${PODS_ROOT}/Manifest.lock\" > /dev/null\nif [ $? != 0 ] ; then\n    # print error to STDERR\n    echo \"error: The sandbox is not in sync with the Podfile.lock. Run 'pod install' or update your CocoaPods installation.\" >&2\n    exit 1\nfi\n";
			showEnvVarsInLog = 0;
		};
		909B90ACB19ACD3468535DAE /* [CP] Copy Pods Resources */ = {
			isa = PBXShellScriptBuildPhase;
			buildActionMask = 2147483647;
			files = (
			);
			inputPaths = (
			);
			name = "[CP] Copy Pods Resources";
			outputPaths = (
			);
			runOnlyForDeploymentPostprocessing = 0;
			shellPath = /bin/sh;
			shellScript = "\"${SRCROOT}/Pods/Target Support Files/Pods-TweetsCounterTests/Pods-TweetsCounterTests-resources.sh\"\n";
			showEnvVarsInLog = 0;
		};
		AE67B86E1C50C24400BFB697 /* ShellScript */ = {
			isa = PBXShellScriptBuildPhase;
			buildActionMask = 2147483647;
			files = (
			);
			inputPaths = (
			);
			outputPaths = (
			);
			runOnlyForDeploymentPostprocessing = 0;
			shellPath = /bin/sh;
			shellScript = "if which swiftlint >/dev/null; then\n    swiftlint\nelse\n    echo \"SwiftLint does not exist, download from https://github.com/realm/SwiftLint\"\nfi";
		};
		AECBF0CA97B84EF883AF8071 /* [CP] Embed Pods Frameworks */ = {
			isa = PBXShellScriptBuildPhase;
			buildActionMask = 2147483647;
			files = (
			);
			inputPaths = (
			);
			name = "[CP] Embed Pods Frameworks";
			outputPaths = (
			);
			runOnlyForDeploymentPostprocessing = 0;
			shellPath = /bin/sh;
			shellScript = "\"${SRCROOT}/Pods/Target Support Files/Pods-TweetsCounterTests/Pods-TweetsCounterTests-frameworks.sh\"\n";
			showEnvVarsInLog = 0;
		};
		BC1E5D56FC721F9EB1EC30B8 /* [CP] Copy Pods Resources */ = {
			isa = PBXShellScriptBuildPhase;
			buildActionMask = 2147483647;
			files = (
			);
			inputPaths = (
			);
			name = "[CP] Copy Pods Resources";
			outputPaths = (
			);
			runOnlyForDeploymentPostprocessing = 0;
			shellPath = /bin/sh;
			shellScript = "\"${SRCROOT}/Pods/Target Support Files/Pods-TweetsCounter/Pods-TweetsCounter-resources.sh\"\n";
			showEnvVarsInLog = 0;
		};
		CDF04717DA4F447E275EE381 /* [CP] Check Pods Manifest.lock */ = {
			isa = PBXShellScriptBuildPhase;
			buildActionMask = 2147483647;
			files = (
			);
			inputPaths = (
			);
			name = "[CP] Check Pods Manifest.lock";
			outputPaths = (
			);
			runOnlyForDeploymentPostprocessing = 0;
			shellPath = /bin/sh;
			shellScript = "diff \"${PODS_ROOT}/../Podfile.lock\" \"${PODS_ROOT}/Manifest.lock\" > /dev/null\nif [ $? != 0 ] ; then\n    # print error to STDERR\n    echo \"error: The sandbox is not in sync with the Podfile.lock. Run 'pod install' or update your CocoaPods installation.\" >&2\n    exit 1\nfi\n";
			showEnvVarsInLog = 0;
		};
		D19298D65EFF52C859A10147 /* [CP] Embed Pods Frameworks */ = {
			isa = PBXShellScriptBuildPhase;
			buildActionMask = 2147483647;
			files = (
			);
			inputPaths = (
			);
			name = "[CP] Embed Pods Frameworks";
			outputPaths = (
			);
			runOnlyForDeploymentPostprocessing = 0;
			shellPath = /bin/sh;
			shellScript = "\"${SRCROOT}/Pods/Target Support Files/Pods-TweetsCounter/Pods-TweetsCounter-frameworks.sh\"\n";
			showEnvVarsInLog = 0;
		};
/* End PBXShellScriptBuildPhase section */

/* Begin PBXSourcesBuildPhase section */
		AE277DE61BD4E6DB004E151C /* Sources */ = {
			isa = PBXSourcesBuildPhase;
			buildActionMask = 2147483647;
			files = (
				AEC5C1E01C2C992300C4F007 /* User.swift in Sources */,
				AE0FA7CD1C0EDC7E00EDB0A1 /* Customizations.swift in Sources */,
				AEF1D6671C3B046B000AAEAC /* FabricSetUp.swift in Sources */,
				AE35A2F61C52C146001E1D88 /* DismissFromSettingsSegue.swift in Sources */,
				AEAFB1061C7A0E270030AB33 /* TweetTableViewCell.swift in Sources */,
				AE277DF01BD4E6DB004E151C /* HomeViewController.swift in Sources */,
				AE15F36C1C62A1BD00EE2F82 /* MenuPopOverViewController.swift in Sources */,
				AE292B3D1DFDF009002B91AD /* MenuCoordinator.swift in Sources */,
				AEC5C1DE1C2C949A00C4F007 /* Tweet.swift in Sources */,
				AE6352131C66178400799157 /* MenuOptionTableViewCell.swift in Sources */,
				AEE22BAB1CD72DF1003CA241 /* ProfilePictureImageView.swift in Sources */,
				AE2F0DC61C93751100F10122 /* AppCoordinator.swift in Sources */,
				AE5F87271DFED16100310C1C /* DataManager.swift in Sources */,
				AE35A2F41C52B4A4001E1D88 /* SettingsViewController.swift in Sources */,
				AE04479A1DF3040700FEE093 /* NSAttributedString+User.swift in Sources */,
				AE3E81BE1BF8B40600A51804 /* LoginViewController.swift in Sources */,
				AE277DEE1BD4E6DB004E151C /* AppDelegate.swift in Sources */,
				AED0A1F61C5E01BA002D40A4 /* ApplicationStyle.swift in Sources */,
				AE055BA21DF03CE600442A2E /* LoginCoordinator.swift in Sources */,
				AEC42BF91C5AAFC60008444D /* TimelineParser.swift in Sources */,
				AEC95CF21C81AED900811BAC /* LinkOpener.swift in Sources */,
				AE07A0D61C5D4AD400514B1C /* UserTableViewCell.swift in Sources */,
				AEF598E71CD679B40055E88C /* UserDetailsTableViewCell.swift in Sources */,
				AEE8C9AD1C0DB2D40047A6A6 /* Storyboard.swift in Sources */,
				AEE8C9AA1C0D97C50047A6A6 /* TwitterSession.swift in Sources */,
				AE0FA7C71C0DEBDE00EDB0A1 /* ProfilePictureButtonItem.swift in Sources */,
				AEF1F20D1C64EB8900591E46 /* MenuOptionsDataSource.swift in Sources */,
				AEB280951C79FC0C009C64EE /* ViewControllerUtils.swift in Sources */,
				AEE4D8081BF9BFD100C9CA08 /* Constants.swift in Sources */,
				AE96700A1C94604700189697 /* UserDetailCoordinator.swift in Sources */,
				AE292B3F1DFDF998002B91AD /* SettingsCoordinator.swift in Sources */,
				AE1FF7501C7927D7001C8F87 /* SettingsManager.swift in Sources */,
				AE9670071C945ADF00189697 /* HomeCoordinator.swift in Sources */,
				AE247A751DF1C61300C87A29 /* Images.swift in Sources */,
				AE6352151C66226800799157 /* UserDetailViewController.swift in Sources */,
			);
			runOnlyForDeploymentPostprocessing = 0;
		};
		AE277DFA1BD4E6DB004E151C /* Sources */ = {
			isa = PBXSourcesBuildPhase;
			buildActionMask = 2147483647;
			files = (
				AEA2F4971C2806C700777304 /* Utils.swift in Sources */,
				AEDC61E91CD4D665005324C6 /* LinkOpenerTests.swift in Sources */,
				AE067FFC1C650C09008C325B /* TimelineParserTests.swift in Sources */,
				AE277E031BD4E6DB004E151C /* TwitterRequestTests.swift in Sources */,
				AEF1F20F1C64EE9B00591E46 /* MenuOptionsTests.swift in Sources */,
				AE5F87281DFED2F700310C1C /* DataManager.swift in Sources */,
			);
			runOnlyForDeploymentPostprocessing = 0;
		};
/* End PBXSourcesBuildPhase section */

/* Begin PBXTargetDependency section */
		AE277E001BD4E6DB004E151C /* PBXTargetDependency */ = {
			isa = PBXTargetDependency;
			target = AE277DE91BD4E6DB004E151C /* TweetsCounter */;
			targetProxy = AE277DFF1BD4E6DB004E151C /* PBXContainerItemProxy */;
		};
/* End PBXTargetDependency section */

/* Begin PBXVariantGroup section */
		AE277DF11BD4E6DB004E151C /* Main.storyboard */ = {
			isa = PBXVariantGroup;
			children = (
				AE277DF21BD4E6DB004E151C /* Base */,
			);
			name = Main.storyboard;
			sourceTree = "<group>";
		};
		AE277DF61BD4E6DB004E151C /* LaunchScreen.storyboard */ = {
			isa = PBXVariantGroup;
			children = (
				AE277DF71BD4E6DB004E151C /* Base */,
			);
			name = LaunchScreen.storyboard;
			sourceTree = "<group>";
		};
/* End PBXVariantGroup section */

/* Begin XCBuildConfiguration section */
		AE277E101BD4E6DB004E151C /* Debug */ = {
			isa = XCBuildConfiguration;
			buildSettings = {
				ALWAYS_SEARCH_USER_PATHS = NO;
				CLANG_CXX_LANGUAGE_STANDARD = "gnu++0x";
				CLANG_CXX_LIBRARY = "libc++";
				CLANG_ENABLE_MODULES = YES;
				CLANG_ENABLE_OBJC_ARC = YES;
				CLANG_WARN_BOOL_CONVERSION = YES;
				CLANG_WARN_CONSTANT_CONVERSION = YES;
				CLANG_WARN_DIRECT_OBJC_ISA_USAGE = YES_ERROR;
				CLANG_WARN_EMPTY_BODY = YES;
				CLANG_WARN_ENUM_CONVERSION = YES;
				CLANG_WARN_INFINITE_RECURSION = YES;
				CLANG_WARN_INT_CONVERSION = YES;
				CLANG_WARN_OBJC_ROOT_CLASS = YES_ERROR;
				CLANG_WARN_SUSPICIOUS_MOVE = YES;
				CLANG_WARN_UNREACHABLE_CODE = YES;
				CLANG_WARN__DUPLICATE_METHOD_MATCH = YES;
				"CODE_SIGN_IDENTITY[sdk=iphoneos*]" = "iPhone Developer";
				COPY_PHASE_STRIP = NO;
				DEBUG_INFORMATION_FORMAT = dwarf;
				ENABLE_STRICT_OBJC_MSGSEND = YES;
				ENABLE_TESTABILITY = YES;
				GCC_C_LANGUAGE_STANDARD = gnu99;
				GCC_DYNAMIC_NO_PIC = NO;
				GCC_NO_COMMON_BLOCKS = YES;
				GCC_OPTIMIZATION_LEVEL = 0;
				GCC_PREPROCESSOR_DEFINITIONS = (
					"DEBUG=1",
					"$(inherited)",
				);
				GCC_WARN_64_TO_32_BIT_CONVERSION = YES;
				GCC_WARN_ABOUT_RETURN_TYPE = YES_ERROR;
				GCC_WARN_UNDECLARED_SELECTOR = YES;
				GCC_WARN_UNINITIALIZED_AUTOS = YES_AGGRESSIVE;
				GCC_WARN_UNUSED_FUNCTION = YES;
				GCC_WARN_UNUSED_VARIABLE = YES;
				IPHONEOS_DEPLOYMENT_TARGET = 10.0;
				MTL_ENABLE_DEBUG_INFO = YES;
				ONLY_ACTIVE_ARCH = YES;
				SDKROOT = iphoneos;
				SWIFT_OPTIMIZATION_LEVEL = "-Onone";
			};
			name = Debug;
		};
		AE277E111BD4E6DB004E151C /* Release */ = {
			isa = XCBuildConfiguration;
			buildSettings = {
				ALWAYS_SEARCH_USER_PATHS = NO;
				CLANG_CXX_LANGUAGE_STANDARD = "gnu++0x";
				CLANG_CXX_LIBRARY = "libc++";
				CLANG_ENABLE_MODULES = YES;
				CLANG_ENABLE_OBJC_ARC = YES;
				CLANG_WARN_BOOL_CONVERSION = YES;
				CLANG_WARN_CONSTANT_CONVERSION = YES;
				CLANG_WARN_DIRECT_OBJC_ISA_USAGE = YES_ERROR;
				CLANG_WARN_EMPTY_BODY = YES;
				CLANG_WARN_ENUM_CONVERSION = YES;
				CLANG_WARN_INFINITE_RECURSION = YES;
				CLANG_WARN_INT_CONVERSION = YES;
				CLANG_WARN_OBJC_ROOT_CLASS = YES_ERROR;
				CLANG_WARN_SUSPICIOUS_MOVE = YES;
				CLANG_WARN_UNREACHABLE_CODE = YES;
				CLANG_WARN__DUPLICATE_METHOD_MATCH = YES;
				"CODE_SIGN_IDENTITY[sdk=iphoneos*]" = "iPhone Developer";
				COPY_PHASE_STRIP = NO;
				DEBUG_INFORMATION_FORMAT = "dwarf-with-dsym";
				ENABLE_NS_ASSERTIONS = NO;
				ENABLE_STRICT_OBJC_MSGSEND = YES;
				GCC_C_LANGUAGE_STANDARD = gnu99;
				GCC_NO_COMMON_BLOCKS = YES;
				GCC_WARN_64_TO_32_BIT_CONVERSION = YES;
				GCC_WARN_ABOUT_RETURN_TYPE = YES_ERROR;
				GCC_WARN_UNDECLARED_SELECTOR = YES;
				GCC_WARN_UNINITIALIZED_AUTOS = YES_AGGRESSIVE;
				GCC_WARN_UNUSED_FUNCTION = YES;
				GCC_WARN_UNUSED_VARIABLE = YES;
				IPHONEOS_DEPLOYMENT_TARGET = 10.0;
				MTL_ENABLE_DEBUG_INFO = NO;
				SDKROOT = iphoneos;
				SWIFT_OPTIMIZATION_LEVEL = "-Owholemodule";
				VALIDATE_PRODUCT = YES;
			};
			name = Release;
		};
		AE277E131BD4E6DB004E151C /* Debug */ = {
			isa = XCBuildConfiguration;
			baseConfigurationReference = B8D941EE5F74C95636A57DB0 /* Pods-TweetsCounter.debug.xcconfig */;
			buildSettings = {
				ALWAYS_EMBED_SWIFT_STANDARD_LIBRARIES = YES;
				ASSETCATALOG_COMPILER_APPICON_NAME = AppIcon;
				CODE_SIGN_ENTITLEMENTS = TweetsCounter/TweetsCounter.entitlements;
				CODE_SIGN_IDENTITY = "iPhone Developer";
				DEBUG_INFORMATION_FORMAT = "dwarf-with-dsym";
				FRAMEWORK_SEARCH_PATHS = (
					"$(inherited)",
					"$(PROJECT_DIR)/TweetsCounter",
				);
				INFOPLIST_FILE = TweetsCounter/Info.plist;
				IPHONEOS_DEPLOYMENT_TARGET = 10.0;
				LD_RUNPATH_SEARCH_PATHS = "$(inherited) @executable_path/Frameworks";
				OTHER_LDFLAGS = (
					"-ObjC",
					"-l\"c++\"",
					"-l\"z\"",
					"-framework",
					"\"AVFoundation\"",
					"-framework",
					"\"Accounts\"",
					"-framework",
					"\"ActiveLabel\"",
					"-framework",
					"\"Alamofire\"",
					"-framework",
					"\"CoreData\"",
					"-framework",
					"\"CoreGraphics\"",
					"-framework",
					"\"CoreMedia\"",
					"-framework",
					"\"CoreText\"",
					"-framework",
					"\"Crashlytics\"",
					"-framework",
					"\"Fabric\"",
					"-framework",
					"\"Foundation\"",
					"-framework",
					"\"Keys\"",
					"-framework",
					"\"PullToRefresh\"",
					"-framework",
					"\"QuartzCore\"",
					"-framework",
					"\"SafariServices\"",
					"-framework",
					"\"Security\"",
					"-framework",
					"\"Social\"",
					"-framework",
					"\"SwiftyUserDefaults\"",
					"-framework",
					"\"SystemConfiguration\"",
					"-framework",
					"\"TwitterCore\"",
					"-framework",
					"\"TwitterKit\"",
					"-framework",
					"\"UIKit\"",
					"-framework",
					"\"Unbox\"",
					"-framework",
					"\"ValueStepper\"",
					"$(inherited)",
				);
				OTHER_SWIFT_FLAGS = "$(inherited) \"-D\" \"COCOAPODS\" -Xfrontend -debug-time-function-bodies";
				PRODUCT_BUNDLE_IDENTIFIER = com.patrickbalestra.TweetsCounter;
				PRODUCT_NAME = "$(TARGET_NAME)";
				SWIFT_VERSION = 3.0;
			};
			name = Debug;
		};
		AE277E141BD4E6DB004E151C /* Release */ = {
			isa = XCBuildConfiguration;
			baseConfigurationReference = 5F64E6DB302CDF9C64FE1348 /* Pods-TweetsCounter.release.xcconfig */;
			buildSettings = {
				ALWAYS_EMBED_SWIFT_STANDARD_LIBRARIES = YES;
				ASSETCATALOG_COMPILER_APPICON_NAME = AppIcon;
				CODE_SIGN_ENTITLEMENTS = TweetsCounter/TweetsCounter.entitlements;
				CODE_SIGN_IDENTITY = "iPhone Developer";
				FRAMEWORK_SEARCH_PATHS = (
					"$(inherited)",
					"$(PROJECT_DIR)/TweetsCounter",
				);
				INFOPLIST_FILE = TweetsCounter/Info.plist;
				IPHONEOS_DEPLOYMENT_TARGET = 10.0;
				LD_RUNPATH_SEARCH_PATHS = "$(inherited) @executable_path/Frameworks";
				OTHER_LDFLAGS = (
					"-ObjC",
					"-l\"c++\"",
					"-l\"z\"",
					"-framework",
					"\"AVFoundation\"",
					"-framework",
					"\"Accounts\"",
					"-framework",
					"\"ActiveLabel\"",
					"-framework",
					"\"Alamofire\"",
					"-framework",
					"\"CoreData\"",
					"-framework",
					"\"CoreGraphics\"",
					"-framework",
					"\"CoreMedia\"",
					"-framework",
					"\"CoreText\"",
					"-framework",
					"\"Crashlytics\"",
					"-framework",
					"\"Fabric\"",
					"-framework",
					"\"Foundation\"",
					"-framework",
					"\"Keys\"",
					"-framework",
					"\"PullToRefresh\"",
					"-framework",
					"\"QuartzCore\"",
					"-framework",
					"\"SafariServices\"",
					"-framework",
					"\"Security\"",
					"-framework",
					"\"Social\"",
					"-framework",
					"\"SwiftyUserDefaults\"",
					"-framework",
					"\"SystemConfiguration\"",
					"-framework",
					"\"TwitterCore\"",
					"-framework",
					"\"TwitterKit\"",
					"-framework",
					"\"UIKit\"",
					"-framework",
					"\"Unbox\"",
					"-framework",
					"\"ValueStepper\"",
					"$(inherited)",
				);
				OTHER_SWIFT_FLAGS = "$(inherited) \"-D\" \"COCOAPODS\" -Xfrontend -debug-time-function-bodies";
				PRODUCT_BUNDLE_IDENTIFIER = com.patrickbalestra.TweetsCounter;
				PRODUCT_NAME = "$(TARGET_NAME)";
				SWIFT_VERSION = 3.0;
			};
			name = Release;
		};
		AE277E161BD4E6DB004E151C /* Debug */ = {
			isa = XCBuildConfiguration;
			baseConfigurationReference = 43CA954E008249C141231D6D /* Pods-TweetsCounterTests.debug.xcconfig */;
			buildSettings = {
				BUNDLE_LOADER = "$(TEST_HOST)";
				FRAMEWORK_SEARCH_PATHS = "$(inherited)";
				INFOPLIST_FILE = TweetsCounterTests/Info.plist;
				LD_RUNPATH_SEARCH_PATHS = "$(inherited) @executable_path/Frameworks";
				PRODUCT_BUNDLE_IDENTIFIER = com.patrickbalestra.TweetsCounterTests;
				PRODUCT_NAME = "$(TARGET_NAME)";
				SWIFT_VERSION = 3.0;
				TEST_HOST = "$(BUILT_PRODUCTS_DIR)/TweetsCounter.app/TweetsCounter";
			};
			name = Debug;
		};
		AE277E171BD4E6DB004E151C /* Release */ = {
			isa = XCBuildConfiguration;
			baseConfigurationReference = 2A2535E2394449B71295CB81 /* Pods-TweetsCounterTests.release.xcconfig */;
			buildSettings = {
				BUNDLE_LOADER = "$(TEST_HOST)";
				FRAMEWORK_SEARCH_PATHS = "$(inherited)";
				INFOPLIST_FILE = TweetsCounterTests/Info.plist;
				LD_RUNPATH_SEARCH_PATHS = "$(inherited) @executable_path/Frameworks";
				PRODUCT_BUNDLE_IDENTIFIER = com.patrickbalestra.TweetsCounterTests;
				PRODUCT_NAME = "$(TARGET_NAME)";
				SWIFT_VERSION = 3.0;
				TEST_HOST = "$(BUILT_PRODUCTS_DIR)/TweetsCounter.app/TweetsCounter";
			};
			name = Release;
		};
/* End XCBuildConfiguration section */

/* Begin XCConfigurationList section */
		AE277DE51BD4E6DB004E151C /* Build configuration list for PBXProject "TweetsCounter" */ = {
			isa = XCConfigurationList;
			buildConfigurations = (
				AE277E101BD4E6DB004E151C /* Debug */,
				AE277E111BD4E6DB004E151C /* Release */,
			);
			defaultConfigurationIsVisible = 0;
			defaultConfigurationName = Release;
		};
		AE277E121BD4E6DB004E151C /* Build configuration list for PBXNativeTarget "TweetsCounter" */ = {
			isa = XCConfigurationList;
			buildConfigurations = (
				AE277E131BD4E6DB004E151C /* Debug */,
				AE277E141BD4E6DB004E151C /* Release */,
			);
			defaultConfigurationIsVisible = 0;
			defaultConfigurationName = Release;
		};
		AE277E151BD4E6DB004E151C /* Build configuration list for PBXNativeTarget "TweetsCounterTests" */ = {
			isa = XCConfigurationList;
			buildConfigurations = (
				AE277E161BD4E6DB004E151C /* Debug */,
				AE277E171BD4E6DB004E151C /* Release */,
			);
			defaultConfigurationIsVisible = 0;
			defaultConfigurationName = Release;
		};
/* End XCConfigurationList section */
	};
	rootObject = AE277DE21BD4E6DB004E151C /* Project object */;
}
